// !$*UTF8*$!
{
	archiveVersion = 1;
	classes = {
	};
	objectVersion = 46;
	objects = {

/* Begin PBXBuildFile section */
		1D3623260D0F684500981E51 /* NolgiloAppDelegate.m in Sources */ = {isa = PBXBuildFile; fileRef = 1D3623250D0F684500981E51 /* NolgiloAppDelegate.m */; };
		1D60589B0D05DD56006BFB54 /* main.mm in Sources */ = {isa = PBXBuildFile; fileRef = 29B97316FDCFA39411CA2CEA /* main.mm */; };
		1D60589F0D05DD5A006BFB54 /* Foundation.framework in Frameworks */ = {isa = PBXBuildFile; fileRef = 1D30AB110D05D00D00671497 /* Foundation.framework */; };
		1DF5F4E00D08C38300B7A737 /* UIKit.framework in Frameworks */ = {isa = PBXBuildFile; fileRef = 1DF5F4DF0D08C38300B7A737 /* UIKit.framework */; };
		288765A50DF7441C002DB57D /* CoreGraphics.framework in Frameworks */ = {isa = PBXBuildFile; fileRef = 288765A40DF7441C002DB57D /* CoreGraphics.framework */; };
		28AD733F0D9D9553002E5188 /* MainWindow.xib in Resources */ = {isa = PBXBuildFile; fileRef = 28AD733E0D9D9553002E5188 /* MainWindow.xib */; };
		7107944F134F050B006A4D36 /* PingGameViewController.mm in Sources */ = {isa = PBXBuildFile; fileRef = 7107944D134F050B006A4D36 /* PingGameViewController.mm */; };
		71079450134F050B006A4D36 /* PingGameViewController.xib in Resources */ = {isa = PBXBuildFile; fileRef = 7107944E134F050B006A4D36 /* PingGameViewController.xib */; };
		71079462134F0666006A4D36 /* TeamA.png in Resources */ = {isa = PBXBuildFile; fileRef = 71079461134F0666006A4D36 /* TeamA.png */; };
		710794A5134F0A20006A4D36 /* GameStage.m in Sources */ = {isa = PBXBuildFile; fileRef = 710794A4134F0A20006A4D36 /* GameStage.m */; };
		711BDBA91341D4A0007A6B3D /* GameListViewController.m in Sources */ = {isa = PBXBuildFile; fileRef = 711BDBA71341D4A0007A6B3D /* GameListViewController.m */; };
		711BDBAA1341D4A0007A6B3D /* GameListViewController.xib in Resources */ = {isa = PBXBuildFile; fileRef = 711BDBA81341D4A0007A6B3D /* GameListViewController.xib */; };
		711BDBC81341D521007A6B3D /* RootGameListViewController.m in Sources */ = {isa = PBXBuildFile; fileRef = 711BDBC61341D521007A6B3D /* RootGameListViewController.m */; };
		711BDBC91341D521007A6B3D /* RootGameListViewController.xib in Resources */ = {isa = PBXBuildFile; fileRef = 711BDBC71341D521007A6B3D /* RootGameListViewController.xib */; };
		7134675F133B3DBF00DCA096 /* icon2.png in Resources */ = {isa = PBXBuildFile; fileRef = 7134675E133B3DBF00DCA096 /* icon2.png */; };
		714D748C132A09FD00FB57A0 /* Default.png in Resources */ = {isa = PBXBuildFile; fileRef = 714D748B132A09FD00FB57A0 /* Default.png */; };
		715717FF135438B900FC5012 /* PingGameCore.m in Sources */ = {isa = PBXBuildFile; fileRef = 715717FE135438B900FC5012 /* PingGameCore.m */; };
		7171AB791328B26F004127CE /* icon.jpg in Resources */ = {isa = PBXBuildFile; fileRef = 7171AB781328B26F004127CE /* icon.jpg */; };
		7182D407134327480047DA4D /* menutitle.png in Resources */ = {isa = PBXBuildFile; fileRef = 7182D406134327480047DA4D /* menutitle.png */; };
		719C1B601333557400E7C276 /* GameModel.m in Sources */ = {isa = PBXBuildFile; fileRef = 719C1B5F1333557400E7C276 /* GameModel.m */; };
		71A1251A1328E47A00C1BC87 /* InfoPlist.strings in Resources */ = {isa = PBXBuildFile; fileRef = 71A125191328E47A00C1BC87 /* InfoPlist.strings */; };
		71AEE5E21394E023007BC5BF /* pin.m in Sources */ = {isa = PBXBuildFile; fileRef = 71AEE5E11394E023007BC5BF /* pin.m */; };
		71B836C31390A7B5002E5BAF /* AVFoundation.framework in Frameworks */ = {isa = PBXBuildFile; fileRef = 71B836C21390A7B5002E5BAF /* AVFoundation.framework */; };
		71B836CB1390A7E2002E5BAF /* CoreMedia.framework in Frameworks */ = {isa = PBXBuildFile; fileRef = 71B836CA1390A7E2002E5BAF /* CoreMedia.framework */; };
		71B836CD1390A7E2002E5BAF /* CoreVideo.framework in Frameworks */ = {isa = PBXBuildFile; fileRef = 71B836CC1390A7E2002E5BAF /* CoreVideo.framework */; };
		71B8370D1390B325002E5BAF /* wrongQR.png in Resources */ = {isa = PBXBuildFile; fileRef = 71B8370C1390B325002E5BAF /* wrongQR.png */; };
		71B837701390C194002E5BAF /* catchingA.png in Resources */ = {isa = PBXBuildFile; fileRef = 71B8376D1390C194002E5BAF /* catchingA.png */; };
		71B837711390C194002E5BAF /* catchingB.png in Resources */ = {isa = PBXBuildFile; fileRef = 71B8376E1390C194002E5BAF /* catchingB.png */; };
		71B837721390C194002E5BAF /* catchingC.png in Resources */ = {isa = PBXBuildFile; fileRef = 71B8376F1390C194002E5BAF /* catchingC.png */; };
		71E0E4CC13446D5800AFE39F /* gradientBackground.png in Resources */ = {isa = PBXBuildFile; fileRef = 71E0E4CB13446D5800AFE39F /* gradientBackground.png */; };
		71E2723A1393CD19005A86E5 /* GameTeamSelectController.m in Sources */ = {isa = PBXBuildFile; fileRef = 71E272381393CD19005A86E5 /* GameTeamSelectController.m */; };
		71E2723B1393CD19005A86E5 /* GameTeamSelectController.xib in Resources */ = {isa = PBXBuildFile; fileRef = 71E272391393CD19005A86E5 /* GameTeamSelectController.xib */; };
		71E273EF1393DD1C005A86E5 /* TeamB.png in Resources */ = {isa = PBXBuildFile; fileRef = 71E273ED1393DD1C005A86E5 /* TeamB.png */; };
		71E273F01393DD1C005A86E5 /* TeamC.png in Resources */ = {isa = PBXBuildFile; fileRef = 71E273EE1393DD1C005A86E5 /* TeamC.png */; };
		71EA214D13A3679600B3B492 /* title.jpg in Resources */ = {isa = PBXBuildFile; fileRef = 71EA214C13A3679600B3B492 /* title.jpg */; };
		71EA215913A368D600B3B492 /* moreselect.png in Resources */ = {isa = PBXBuildFile; fileRef = 71EA215813A368D600B3B492 /* moreselect.png */; };
		7A00600E1379B15500F3CDE4 /* pingable.png in Resources */ = {isa = PBXBuildFile; fileRef = 7A00600C1379B15500F3CDE4 /* pingable.png */; };
		7A17D16913839898006D7C33 /* QRcodeViewController.xib in Resources */ = {isa = PBXBuildFile; fileRef = 7A17D16713839898006D7C33 /* QRcodeViewController.xib */; };
		7A481EAD1389E948004B1D29 /* SpotCore.m in Sources */ = {isa = PBXBuildFile; fileRef = 7A481EAC1389E948004B1D29 /* SpotCore.m */; };
		7A5E6B35138F420B00F4CC11 /* libZXingWidget.a in Frameworks */ = {isa = PBXBuildFile; fileRef = 7A5E6A8D138F3D6E00F4CC11 /* libZXingWidget.a */; };
		7A5E6B59138F443300F4CC11 /* libiconv.dylib in Frameworks */ = {isa = PBXBuildFile; fileRef = 7A5E6B58138F443300F4CC11 /* libiconv.dylib */; };
		7A5E6C2E138F68E700F4CC11 /* pingteamA.png in Resources */ = {isa = PBXBuildFile; fileRef = 7A5E6C2B138F68E700F4CC11 /* pingteamA.png */; };
		7A5E6C2F138F68E700F4CC11 /* pingteamB.png in Resources */ = {isa = PBXBuildFile; fileRef = 7A5E6C2C138F68E700F4CC11 /* pingteamB.png */; };
		7A5E6C30138F68E700F4CC11 /* pingteamC.png in Resources */ = {isa = PBXBuildFile; fileRef = 7A5E6C2D138F68E700F4CC11 /* pingteamC.png */; };
		7A5F339C13AF148A0042BEF2 /* GameListCore.m in Sources */ = {isa = PBXBuildFile; fileRef = 7A5F339B13AF148A0042BEF2 /* GameListCore.m */; };
		7A7F534013AF5EC400A2372F /* table_cell_sel.png in Resources */ = {isa = PBXBuildFile; fileRef = 7A7F533E13AF5EC400A2372F /* table_cell_sel.png */; };
		7A7F534113AF5EC400A2372F /* table_cell.png in Resources */ = {isa = PBXBuildFile; fileRef = 7A7F533F13AF5EC400A2372F /* table_cell.png */; };
		7A7F534413AF672A00A2372F /* close_room.png in Resources */ = {isa = PBXBuildFile; fileRef = 7A7F534213AF672A00A2372F /* close_room.png */; };
		7A7F534713AF681A00A2372F /* open_room.png in Resources */ = {isa = PBXBuildFile; fileRef = 7A7F534613AF681A00A2372F /* open_room.png */; };
		7AAAEB8E1384CA9700873682 /* menubg.png in Resources */ = {isa = PBXBuildFile; fileRef = 7AAAEB8D1384CA9700873682 /* menubg.png */; };
		7AB4DBD91303BCBE00DE0AA8 /* AudioToolbox.framework in Frameworks */ = {isa = PBXBuildFile; fileRef = 7AB4DBD81303BCBE00DE0AA8 /* AudioToolbox.framework */; };
		7AB4DBDB1303BCBE00DE0AA8 /* CoreLocation.framework in Frameworks */ = {isa = PBXBuildFile; fileRef = 7AB4DBDA1303BCBE00DE0AA8 /* CoreLocation.framework */; };
		7AB4DBDD1303BCBE00DE0AA8 /* MapKit.framework in Frameworks */ = {isa = PBXBuildFile; fileRef = 7AB4DBDC1303BCBE00DE0AA8 /* MapKit.framework */; };
		7ABB8FD2131B706D00437FC4 /* LoadingViewController.m in Sources */ = {isa = PBXBuildFile; fileRef = 7ABB8FD0131B706D00437FC4 /* LoadingViewController.m */; };
		7ABB8FD3131B706D00437FC4 /* LoadingViewController.xib in Resources */ = {isa = PBXBuildFile; fileRef = 7ABB8FD1131B706D00437FC4 /* LoadingViewController.xib */; };
		7ABB9037131B770B00437FC4 /* RootViewController.m in Sources */ = {isa = PBXBuildFile; fileRef = 7ABB9036131B770B00437FC4 /* RootViewController.m */; };
		7AC4155D1373F82300C37DF3 /* w_tile.png in Resources */ = {isa = PBXBuildFile; fileRef = 7AC4155C1373F82300C37DF3 /* w_tile.png */; };
		7ACEFD3A13B0E49F0006F840 /* RoomlistBackground.png in Resources */ = {isa = PBXBuildFile; fileRef = 7ACEFD3913B0E49F0006F840 /* RoomlistBackground.png */; };
		7AD39B0713B9BC8000762CB4 /* teamAAlerts.png in Resources */ = {isa = PBXBuildFile; fileRef = 7AD39B0413B9BC7F00762CB4 /* teamAAlerts.png */; };
		7AD39B0813B9BC8000762CB4 /* teamBAlerts.png in Resources */ = {isa = PBXBuildFile; fileRef = 7AD39B0513B9BC7F00762CB4 /* teamBAlerts.png */; };
		7AD39B0913B9BC8000762CB4 /* teamCAlerts.png in Resources */ = {isa = PBXBuildFile; fileRef = 7AD39B0613B9BC7F00762CB4 /* teamCAlerts.png */; };
		7AD45EE713778A7F00C1548B /* vs_arrow.png in Resources */ = {isa = PBXBuildFile; fileRef = 7AD45EE413778A7F00C1548B /* vs_arrow.png */; };
		7AD45EE813778A7F00C1548B /* xl_arrow.png in Resources */ = {isa = PBXBuildFile; fileRef = 7AD45EE513778A7F00C1548B /* xl_arrow.png */; };
		7AD45EE913778A7F00C1548B /* xm_arrow.png in Resources */ = {isa = PBXBuildFile; fileRef = 7AD45EE613778A7F00C1548B /* xm_arrow.png */; };
		7AD45EEE13778A9100C1548B /* l_arrow.png in Resources */ = {isa = PBXBuildFile; fileRef = 7AD45EEA13778A9100C1548B /* l_arrow.png */; };
		7AD45EEF13778A9100C1548B /* m_arrow.png in Resources */ = {isa = PBXBuildFile; fileRef = 7AD45EEB13778A9100C1548B /* m_arrow.png */; };
		7AD45EF113778A9100C1548B /* s_arrow.png in Resources */ = {isa = PBXBuildFile; fileRef = 7AD45EED13778A9100C1548B /* s_arrow.png */; };
		7ADFFEA213AA0C2800527D5D /* NSObject+JSON.m in Sources */ = {isa = PBXBuildFile; fileRef = 7ADFFE8813AA0C2800527D5D /* NSObject+JSON.m */; };
		7ADFFEA313AA0C2800527D5D /* SBJsonParser.m in Sources */ = {isa = PBXBuildFile; fileRef = 7ADFFE8B13AA0C2800527D5D /* SBJsonParser.m */; };
		7ADFFEA413AA0C2800527D5D /* SBJsonStreamParser.m in Sources */ = {isa = PBXBuildFile; fileRef = 7ADFFE8D13AA0C2800527D5D /* SBJsonStreamParser.m */; };
		7ADFFEA513AA0C2800527D5D /* SBJsonStreamParserAccumulator.m in Sources */ = {isa = PBXBuildFile; fileRef = 7ADFFE8F13AA0C2800527D5D /* SBJsonStreamParserAccumulator.m */; };
		7ADFFEA613AA0C2800527D5D /* SBJsonStreamParserAdapter.m in Sources */ = {isa = PBXBuildFile; fileRef = 7ADFFE9113AA0C2800527D5D /* SBJsonStreamParserAdapter.m */; };
		7ADFFEA713AA0C2800527D5D /* SBJsonStreamParserState.m in Sources */ = {isa = PBXBuildFile; fileRef = 7ADFFE9313AA0C2800527D5D /* SBJsonStreamParserState.m */; };
		7ADFFEA813AA0C2800527D5D /* SBJsonStreamWriter.m in Sources */ = {isa = PBXBuildFile; fileRef = 7ADFFE9513AA0C2800527D5D /* SBJsonStreamWriter.m */; };
		7ADFFEA913AA0C2800527D5D /* SBJsonStreamWriterAccumulator.m in Sources */ = {isa = PBXBuildFile; fileRef = 7ADFFE9713AA0C2800527D5D /* SBJsonStreamWriterAccumulator.m */; };
		7ADFFEAA13AA0C2800527D5D /* SBJsonStreamWriterState.m in Sources */ = {isa = PBXBuildFile; fileRef = 7ADFFE9913AA0C2800527D5D /* SBJsonStreamWriterState.m */; };
		7ADFFEAB13AA0C2800527D5D /* SBJsonTokeniser.m in Sources */ = {isa = PBXBuildFile; fileRef = 7ADFFE9B13AA0C2800527D5D /* SBJsonTokeniser.m */; };
		7ADFFEAC13AA0C2800527D5D /* SBJsonWriter.m in Sources */ = {isa = PBXBuildFile; fileRef = 7ADFFE9D13AA0C2800527D5D /* SBJsonWriter.m */; };
		7ADFFEAD13AA0C2800527D5D /* SBStateStack.m in Sources */ = {isa = PBXBuildFile; fileRef = 7ADFFE9F13AA0C2800527D5D /* SBStateStack.m */; };
		7ADFFEAE13AA0C2800527D5D /* SBUTF8Stream.m in Sources */ = {isa = PBXBuildFile; fileRef = 7ADFFEA113AA0C2800527D5D /* SBUTF8Stream.m */; };
		7AE698591383DE7500193AC2 /* DBcore.m in Sources */ = {isa = PBXBuildFile; fileRef = 7AE698581383DE7500193AC2 /* DBcore.m */; };
		7AF7ECBD13BAFC92005F215E /* ResultViewController.m in Sources */ = {isa = PBXBuildFile; fileRef = 7AF7ECBB13BAFC92005F215E /* ResultViewController.m */; };
		7AF7ECBE13BAFC92005F215E /* ResultViewController.xib in Resources */ = {isa = PBXBuildFile; fileRef = 7AF7ECBC13BAFC92005F215E /* ResultViewController.xib */; };
		7AF7ECC213BB245C005F215E /* win.png in Resources */ = {isa = PBXBuildFile; fileRef = 7AF7ECC013BB245C005F215E /* win.png */; };
		7AF7ECC313BB245C005F215E /* Lose.png in Resources */ = {isa = PBXBuildFile; fileRef = 7AF7ECC113BB245C005F215E /* Lose.png */; };
/* End PBXBuildFile section */

/* Begin PBXContainerItemProxy section */
		7A5E6A8C138F3D6E00F4CC11 /* PBXContainerItemProxy */ = {
			isa = PBXContainerItemProxy;
			containerPortal = 7A5E6A85138F3D6E00F4CC11 /* ZXingWidget.xcodeproj */;
			proxyType = 2;
			remoteGlobalIDString = D2AAC07E0554694100DB518D;
			remoteInfo = ZXingWidget;
		};
		7A5E6B3B138F422500F4CC11 /* PBXContainerItemProxy */ = {
			isa = PBXContainerItemProxy;
			containerPortal = 7A5E6A85138F3D6E00F4CC11 /* ZXingWidget.xcodeproj */;
			proxyType = 1;
			remoteGlobalIDString = D2AAC07D0554694100DB518D;
			remoteInfo = ZXingWidget;
		};
/* End PBXContainerItemProxy section */

/* Begin PBXFileReference section */
		1D30AB110D05D00D00671497 /* Foundation.framework */ = {isa = PBXFileReference; lastKnownFileType = wrapper.framework; name = Foundation.framework; path = System/Library/Frameworks/Foundation.framework; sourceTree = SDKROOT; };
		1D3623240D0F684500981E51 /* NolgiloAppDelegate.h */ = {isa = PBXFileReference; fileEncoding = 4; lastKnownFileType = sourcecode.c.h; path = NolgiloAppDelegate.h; sourceTree = "<group>"; };
		1D3623250D0F684500981E51 /* NolgiloAppDelegate.m */ = {isa = PBXFileReference; fileEncoding = 4; lastKnownFileType = sourcecode.c.objc; path = NolgiloAppDelegate.m; sourceTree = "<group>"; };
		1D6058910D05DD3D006BFB54 /* Nolgilo.app */ = {isa = PBXFileReference; explicitFileType = wrapper.application; includeInIndex = 0; path = Nolgilo.app; sourceTree = BUILT_PRODUCTS_DIR; };
		1DF5F4DF0D08C38300B7A737 /* UIKit.framework */ = {isa = PBXFileReference; lastKnownFileType = wrapper.framework; name = UIKit.framework; path = System/Library/Frameworks/UIKit.framework; sourceTree = SDKROOT; };
		288765A40DF7441C002DB57D /* CoreGraphics.framework */ = {isa = PBXFileReference; lastKnownFileType = wrapper.framework; name = CoreGraphics.framework; path = System/Library/Frameworks/CoreGraphics.framework; sourceTree = SDKROOT; };
		28AD733E0D9D9553002E5188 /* MainWindow.xib */ = {isa = PBXFileReference; lastKnownFileType = file.xib; path = MainWindow.xib; sourceTree = "<group>"; };
		29B97316FDCFA39411CA2CEA /* main.mm */ = {isa = PBXFileReference; fileEncoding = 4; lastKnownFileType = sourcecode.cpp.objcpp; path = main.mm; sourceTree = "<group>"; };
		32CA4F630368D1EE00C91783 /* Nolgilo_Prefix.pch */ = {isa = PBXFileReference; fileEncoding = 4; lastKnownFileType = sourcecode.c.h; path = Nolgilo_Prefix.pch; sourceTree = "<group>"; };
		7107944C134F050B006A4D36 /* PingGameViewController.h */ = {isa = PBXFileReference; fileEncoding = 4; lastKnownFileType = sourcecode.c.h; name = PingGameViewController.h; path = ../PingGameViewController.h; sourceTree = "<group>"; };
		7107944D134F050B006A4D36 /* PingGameViewController.mm */ = {isa = PBXFileReference; fileEncoding = 4; lastKnownFileType = sourcecode.cpp.objcpp; name = PingGameViewController.mm; path = ../PingGameViewController.mm; sourceTree = "<group>"; };
		7107944E134F050B006A4D36 /* PingGameViewController.xib */ = {isa = PBXFileReference; lastKnownFileType = file.xib; path = PingGameViewController.xib; sourceTree = "<group>"; };
		71079461134F0666006A4D36 /* TeamA.png */ = {isa = PBXFileReference; lastKnownFileType = image.png; name = TeamA.png; path = ../Resource/TeamA.png; sourceTree = SOURCE_ROOT; };
		710794A3134F0A20006A4D36 /* GameStage.h */ = {isa = PBXFileReference; fileEncoding = 4; lastKnownFileType = sourcecode.c.h; path = GameStage.h; sourceTree = "<group>"; };
		710794A4134F0A20006A4D36 /* GameStage.m */ = {isa = PBXFileReference; fileEncoding = 4; lastKnownFileType = sourcecode.c.objc; path = GameStage.m; sourceTree = "<group>"; };
		711BDBA61341D4A0007A6B3D /* GameListViewController.h */ = {isa = PBXFileReference; fileEncoding = 4; lastKnownFileType = sourcecode.c.h; path = GameListViewController.h; sourceTree = "<group>"; };
		711BDBA71341D4A0007A6B3D /* GameListViewController.m */ = {isa = PBXFileReference; fileEncoding = 4; lastKnownFileType = sourcecode.c.objc; path = GameListViewController.m; sourceTree = "<group>"; };
		711BDBA81341D4A0007A6B3D /* GameListViewController.xib */ = {isa = PBXFileReference; lastKnownFileType = file.xib; name = GameListViewController.xib; path = Classes/GameListViewController.xib; sourceTree = "<group>"; };
		711BDBC51341D521007A6B3D /* RootGameListViewController.h */ = {isa = PBXFileReference; fileEncoding = 4; lastKnownFileType = sourcecode.c.h; path = RootGameListViewController.h; sourceTree = "<group>"; };
		711BDBC61341D521007A6B3D /* RootGameListViewController.m */ = {isa = PBXFileReference; fileEncoding = 4; lastKnownFileType = sourcecode.c.objc; path = RootGameListViewController.m; sourceTree = "<group>"; };
		711BDBC71341D521007A6B3D /* RootGameListViewController.xib */ = {isa = PBXFileReference; lastKnownFileType = file.xib; name = RootGameListViewController.xib; path = Classes/RootGameListViewController.xib; sourceTree = "<group>"; };
		7134675E133B3DBF00DCA096 /* icon2.png */ = {isa = PBXFileReference; lastKnownFileType = image.png; name = icon2.png; path = ../Resource/icon2.png; sourceTree = SOURCE_ROOT; };
		714D748B132A09FD00FB57A0 /* Default.png */ = {isa = PBXFileReference; lastKnownFileType = image.png; name = Default.png; path = ../Resource/Default.png; sourceTree = SOURCE_ROOT; };
		715717FD135438B900FC5012 /* PingGameCore.h */ = {isa = PBXFileReference; fileEncoding = 4; lastKnownFileType = sourcecode.c.h; path = PingGameCore.h; sourceTree = "<group>"; };
		715717FE135438B900FC5012 /* PingGameCore.m */ = {isa = PBXFileReference; fileEncoding = 4; lastKnownFileType = sourcecode.c.objc; path = PingGameCore.m; sourceTree = "<group>"; };
		7171AB781328B26F004127CE /* icon.jpg */ = {isa = PBXFileReference; lastKnownFileType = image.jpeg; name = icon.jpg; path = ../Resource/icon.jpg; sourceTree = SOURCE_ROOT; };
		7182D406134327480047DA4D /* menutitle.png */ = {isa = PBXFileReference; lastKnownFileType = image.png; name = menutitle.png; path = ../Resource/menutitle.png; sourceTree = SOURCE_ROOT; };
		719C1B5E1333557400E7C276 /* GameModel.h */ = {isa = PBXFileReference; fileEncoding = 4; lastKnownFileType = sourcecode.c.h; path = GameModel.h; sourceTree = "<group>"; };
		719C1B5F1333557400E7C276 /* GameModel.m */ = {isa = PBXFileReference; fileEncoding = 4; lastKnownFileType = sourcecode.c.objc; path = GameModel.m; sourceTree = "<group>"; };
		71A125171328E46D00C1BC87 /* English */ = {isa = PBXFileReference; fileEncoding = 4; lastKnownFileType = text.plist.strings; name = English; path = English.lproj/InfoPlist.strings; sourceTree = "<group>"; };
		71A1251B1328E4A200C1BC87 /* Korean */ = {isa = PBXFileReference; lastKnownFileType = text.plist.strings; name = Korean; path = Korean.lproj/InfoPlist.strings; sourceTree = "<group>"; };
		71AEE5E01394E023007BC5BF /* pin.h */ = {isa = PBXFileReference; fileEncoding = 4; lastKnownFileType = sourcecode.c.h; path = pin.h; sourceTree = "<group>"; };
		71AEE5E11394E023007BC5BF /* pin.m */ = {isa = PBXFileReference; fileEncoding = 4; lastKnownFileType = sourcecode.c.objc; path = pin.m; sourceTree = "<group>"; };
		71B836C21390A7B5002E5BAF /* AVFoundation.framework */ = {isa = PBXFileReference; lastKnownFileType = wrapper.framework; name = AVFoundation.framework; path = System/Library/Frameworks/AVFoundation.framework; sourceTree = SDKROOT; };
		71B836CA1390A7E2002E5BAF /* CoreMedia.framework */ = {isa = PBXFileReference; lastKnownFileType = wrapper.framework; name = CoreMedia.framework; path = System/Library/Frameworks/CoreMedia.framework; sourceTree = SDKROOT; };
		71B836CC1390A7E2002E5BAF /* CoreVideo.framework */ = {isa = PBXFileReference; lastKnownFileType = wrapper.framework; name = CoreVideo.framework; path = System/Library/Frameworks/CoreVideo.framework; sourceTree = SDKROOT; };
		71B8370C1390B325002E5BAF /* wrongQR.png */ = {isa = PBXFileReference; lastKnownFileType = image.png; name = wrongQR.png; path = ../Resource/wrongQR.png; sourceTree = SOURCE_ROOT; };
		71B8376D1390C194002E5BAF /* catchingA.png */ = {isa = PBXFileReference; lastKnownFileType = image.png; name = catchingA.png; path = ../Resource/catchingA.png; sourceTree = SOURCE_ROOT; };
		71B8376E1390C194002E5BAF /* catchingB.png */ = {isa = PBXFileReference; lastKnownFileType = image.png; name = catchingB.png; path = ../Resource/catchingB.png; sourceTree = SOURCE_ROOT; };
		71B8376F1390C194002E5BAF /* catchingC.png */ = {isa = PBXFileReference; lastKnownFileType = image.png; name = catchingC.png; path = ../Resource/catchingC.png; sourceTree = SOURCE_ROOT; };
		71E0E4CB13446D5800AFE39F /* gradientBackground.png */ = {isa = PBXFileReference; lastKnownFileType = image.png; name = gradientBackground.png; path = ../Resource/gradientBackground.png; sourceTree = SOURCE_ROOT; };
		71E272371393CD19005A86E5 /* GameTeamSelectController.h */ = {isa = PBXFileReference; fileEncoding = 4; lastKnownFileType = sourcecode.c.h; path = GameTeamSelectController.h; sourceTree = "<group>"; };
		71E272381393CD19005A86E5 /* GameTeamSelectController.m */ = {isa = PBXFileReference; fileEncoding = 4; lastKnownFileType = sourcecode.c.objc; path = GameTeamSelectController.m; sourceTree = "<group>"; };
		71E272391393CD19005A86E5 /* GameTeamSelectController.xib */ = {isa = PBXFileReference; lastKnownFileType = file.xib; name = GameTeamSelectController.xib; path = Classes/GameTeamSelectController.xib; sourceTree = "<group>"; };
		71E273ED1393DD1C005A86E5 /* TeamB.png */ = {isa = PBXFileReference; lastKnownFileType = image.png; name = TeamB.png; path = ../Resource/TeamB.png; sourceTree = SOURCE_ROOT; };
		71E273EE1393DD1C005A86E5 /* TeamC.png */ = {isa = PBXFileReference; lastKnownFileType = image.png; name = TeamC.png; path = ../Resource/TeamC.png; sourceTree = SOURCE_ROOT; };
		71EA214C13A3679600B3B492 /* title.jpg */ = {isa = PBXFileReference; lastKnownFileType = image.jpeg; name = title.jpg; path = ../Resource/title.jpg; sourceTree = "<group>"; };
		71EA215813A368D600B3B492 /* moreselect.png */ = {isa = PBXFileReference; lastKnownFileType = image.png; name = moreselect.png; path = ../Resource/moreselect.png; sourceTree = "<group>"; };
		7A00600C1379B15500F3CDE4 /* pingable.png */ = {isa = PBXFileReference; lastKnownFileType = image.png; name = pingable.png; path = ../Resource/pingable.png; sourceTree = SOURCE_ROOT; };
		7A17D16713839898006D7C33 /* QRcodeViewController.xib */ = {isa = PBXFileReference; lastKnownFileType = file.xib; name = QRcodeViewController.xib; path = Classes/QRcodeViewController.xib; sourceTree = "<group>"; };
		7A481EAB1389E948004B1D29 /* SpotCore.h */ = {isa = PBXFileReference; fileEncoding = 4; lastKnownFileType = sourcecode.c.h; path = SpotCore.h; sourceTree = "<group>"; };
		7A481EAC1389E948004B1D29 /* SpotCore.m */ = {isa = PBXFileReference; fileEncoding = 4; lastKnownFileType = sourcecode.c.objc; path = SpotCore.m; sourceTree = "<group>"; };
		7A5E6A85138F3D6E00F4CC11 /* ZXingWidget.xcodeproj */ = {isa = PBXFileReference; lastKnownFileType = "wrapper.pb-project"; name = ZXingWidget.xcodeproj; path = ../zxing/iphone/ZXingWidget/ZXingWidget.xcodeproj; sourceTree = SOURCE_ROOT; };
		7A5E6B58138F443300F4CC11 /* libiconv.dylib */ = {isa = PBXFileReference; lastKnownFileType = "compiled.mach-o.dylib"; name = libiconv.dylib; path = usr/lib/libiconv.dylib; sourceTree = SDKROOT; };
		7A5E6C2B138F68E700F4CC11 /* pingteamA.png */ = {isa = PBXFileReference; lastKnownFileType = image.png; name = pingteamA.png; path = ../Resource/pingteamA.png; sourceTree = SOURCE_ROOT; };
		7A5E6C2C138F68E700F4CC11 /* pingteamB.png */ = {isa = PBXFileReference; lastKnownFileType = image.png; name = pingteamB.png; path = ../Resource/pingteamB.png; sourceTree = SOURCE_ROOT; };
		7A5E6C2D138F68E700F4CC11 /* pingteamC.png */ = {isa = PBXFileReference; lastKnownFileType = image.png; name = pingteamC.png; path = ../Resource/pingteamC.png; sourceTree = SOURCE_ROOT; };
		7A5F339A13AF148A0042BEF2 /* GameListCore.h */ = {isa = PBXFileReference; fileEncoding = 4; lastKnownFileType = sourcecode.c.h; path = GameListCore.h; sourceTree = "<group>"; };
		7A5F339B13AF148A0042BEF2 /* GameListCore.m */ = {isa = PBXFileReference; fileEncoding = 4; lastKnownFileType = sourcecode.c.objc; path = GameListCore.m; sourceTree = "<group>"; };
		7A7F533E13AF5EC400A2372F /* table_cell_sel.png */ = {isa = PBXFileReference; lastKnownFileType = image.png; name = table_cell_sel.png; path = ../Resource/table_cell_sel.png; sourceTree = "<group>"; };
		7A7F533F13AF5EC400A2372F /* table_cell.png */ = {isa = PBXFileReference; lastKnownFileType = image.png; name = table_cell.png; path = ../Resource/table_cell.png; sourceTree = "<group>"; };
		7A7F534213AF672A00A2372F /* close_room.png */ = {isa = PBXFileReference; lastKnownFileType = image.png; name = close_room.png; path = ../Resource/close_room.png; sourceTree = "<group>"; };
		7A7F534613AF681A00A2372F /* open_room.png */ = {isa = PBXFileReference; lastKnownFileType = image.png; name = open_room.png; path = ../Resource/open_room.png; sourceTree = "<group>"; };
		7AAAEB8D1384CA9700873682 /* menubg.png */ = {isa = PBXFileReference; lastKnownFileType = image.png; name = menubg.png; path = ../Resource/menubg.png; sourceTree = SOURCE_ROOT; };
		7AB4DBD81303BCBE00DE0AA8 /* AudioToolbox.framework */ = {isa = PBXFileReference; lastKnownFileType = wrapper.framework; name = AudioToolbox.framework; path = System/Library/Frameworks/AudioToolbox.framework; sourceTree = SDKROOT; };
		7AB4DBDA1303BCBE00DE0AA8 /* CoreLocation.framework */ = {isa = PBXFileReference; lastKnownFileType = wrapper.framework; name = CoreLocation.framework; path = System/Library/Frameworks/CoreLocation.framework; sourceTree = SDKROOT; };
		7AB4DBDC1303BCBE00DE0AA8 /* MapKit.framework */ = {isa = PBXFileReference; lastKnownFileType = wrapper.framework; name = MapKit.framework; path = System/Library/Frameworks/MapKit.framework; sourceTree = SDKROOT; };
		7ABB8FCF131B706D00437FC4 /* LoadingViewController.h */ = {isa = PBXFileReference; fileEncoding = 4; lastKnownFileType = sourcecode.c.h; path = LoadingViewController.h; sourceTree = "<group>"; };
		7ABB8FD0131B706D00437FC4 /* LoadingViewController.m */ = {isa = PBXFileReference; fileEncoding = 4; lastKnownFileType = sourcecode.c.objc; path = LoadingViewController.m; sourceTree = "<group>"; };
		7ABB8FD1131B706D00437FC4 /* LoadingViewController.xib */ = {isa = PBXFileReference; lastKnownFileType = file.xib; name = LoadingViewController.xib; path = Classes/LoadingViewController.xib; sourceTree = "<group>"; };
		7ABB9035131B770B00437FC4 /* RootViewController.h */ = {isa = PBXFileReference; fileEncoding = 4; lastKnownFileType = sourcecode.c.h; path = RootViewController.h; sourceTree = "<group>"; };
		7ABB9036131B770B00437FC4 /* RootViewController.m */ = {isa = PBXFileReference; fileEncoding = 4; lastKnownFileType = sourcecode.c.objc; path = RootViewController.m; sourceTree = "<group>"; };
		7AC4155C1373F82300C37DF3 /* w_tile.png */ = {isa = PBXFileReference; lastKnownFileType = image.png; name = w_tile.png; path = ../Resource/w_tile.png; sourceTree = SOURCE_ROOT; };
		7ACEFD3913B0E49F0006F840 /* RoomlistBackground.png */ = {isa = PBXFileReference; lastKnownFileType = image.png; name = RoomlistBackground.png; path = ../Resource/RoomlistBackground.png; sourceTree = "<group>"; };
		7AD39B0413B9BC7F00762CB4 /* teamAAlerts.png */ = {isa = PBXFileReference; lastKnownFileType = image.png; name = teamAAlerts.png; path = ../Resource/teamAAlerts.png; sourceTree = "<group>"; };
		7AD39B0513B9BC7F00762CB4 /* teamBAlerts.png */ = {isa = PBXFileReference; lastKnownFileType = image.png; name = teamBAlerts.png; path = ../Resource/teamBAlerts.png; sourceTree = "<group>"; };
		7AD39B0613B9BC7F00762CB4 /* teamCAlerts.png */ = {isa = PBXFileReference; lastKnownFileType = image.png; name = teamCAlerts.png; path = ../Resource/teamCAlerts.png; sourceTree = "<group>"; };
		7AD45EE413778A7F00C1548B /* vs_arrow.png */ = {isa = PBXFileReference; lastKnownFileType = image.png; name = vs_arrow.png; path = ../Resource/vs_arrow.png; sourceTree = SOURCE_ROOT; };
		7AD45EE513778A7F00C1548B /* xl_arrow.png */ = {isa = PBXFileReference; lastKnownFileType = image.png; name = xl_arrow.png; path = ../Resource/xl_arrow.png; sourceTree = SOURCE_ROOT; };
		7AD45EE613778A7F00C1548B /* xm_arrow.png */ = {isa = PBXFileReference; lastKnownFileType = image.png; name = xm_arrow.png; path = ../Resource/xm_arrow.png; sourceTree = SOURCE_ROOT; };
		7AD45EEA13778A9100C1548B /* l_arrow.png */ = {isa = PBXFileReference; lastKnownFileType = image.png; name = l_arrow.png; path = ../Resource/l_arrow.png; sourceTree = SOURCE_ROOT; };
		7AD45EEB13778A9100C1548B /* m_arrow.png */ = {isa = PBXFileReference; lastKnownFileType = image.png; name = m_arrow.png; path = ../Resource/m_arrow.png; sourceTree = SOURCE_ROOT; };
		7AD45EED13778A9100C1548B /* s_arrow.png */ = {isa = PBXFileReference; lastKnownFileType = image.png; name = s_arrow.png; path = ../Resource/s_arrow.png; sourceTree = SOURCE_ROOT; };
		7ADFFE8613AA0C2800527D5D /* JSON.h */ = {isa = PBXFileReference; fileEncoding = 4; lastKnownFileType = sourcecode.c.h; name = JSON.h; path = ../Classes/JSON.h; sourceTree = SOURCE_ROOT; };
		7ADFFE8713AA0C2800527D5D /* NSObject+JSON.h */ = {isa = PBXFileReference; fileEncoding = 4; lastKnownFileType = sourcecode.c.h; name = "NSObject+JSON.h"; path = "../Classes/NSObject+JSON.h"; sourceTree = SOURCE_ROOT; };
		7ADFFE8813AA0C2800527D5D /* NSObject+JSON.m */ = {isa = PBXFileReference; fileEncoding = 4; lastKnownFileType = sourcecode.c.objc; name = "NSObject+JSON.m"; path = "../Classes/NSObject+JSON.m"; sourceTree = SOURCE_ROOT; };
		7ADFFE8913AA0C2800527D5D /* SBJsonIncludes.h */ = {isa = PBXFileReference; fileEncoding = 4; lastKnownFileType = sourcecode.c.h; name = SBJsonIncludes.h; path = ../Classes/SBJsonIncludes.h; sourceTree = SOURCE_ROOT; };
		7ADFFE8A13AA0C2800527D5D /* SBJsonParser.h */ = {isa = PBXFileReference; fileEncoding = 4; lastKnownFileType = sourcecode.c.h; name = SBJsonParser.h; path = ../Classes/SBJsonParser.h; sourceTree = SOURCE_ROOT; };
		7ADFFE8B13AA0C2800527D5D /* SBJsonParser.m */ = {isa = PBXFileReference; fileEncoding = 4; lastKnownFileType = sourcecode.c.objc; name = SBJsonParser.m; path = ../Classes/SBJsonParser.m; sourceTree = SOURCE_ROOT; };
		7ADFFE8C13AA0C2800527D5D /* SBJsonStreamParser.h */ = {isa = PBXFileReference; fileEncoding = 4; lastKnownFileType = sourcecode.c.h; name = SBJsonStreamParser.h; path = ../Classes/SBJsonStreamParser.h; sourceTree = SOURCE_ROOT; };
		7ADFFE8D13AA0C2800527D5D /* SBJsonStreamParser.m */ = {isa = PBXFileReference; fileEncoding = 4; lastKnownFileType = sourcecode.c.objc; name = SBJsonStreamParser.m; path = ../Classes/SBJsonStreamParser.m; sourceTree = SOURCE_ROOT; };
		7ADFFE8E13AA0C2800527D5D /* SBJsonStreamParserAccumulator.h */ = {isa = PBXFileReference; fileEncoding = 4; lastKnownFileType = sourcecode.c.h; name = SBJsonStreamParserAccumulator.h; path = ../Classes/SBJsonStreamParserAccumulator.h; sourceTree = SOURCE_ROOT; };
		7ADFFE8F13AA0C2800527D5D /* SBJsonStreamParserAccumulator.m */ = {isa = PBXFileReference; fileEncoding = 4; lastKnownFileType = sourcecode.c.objc; name = SBJsonStreamParserAccumulator.m; path = ../Classes/SBJsonStreamParserAccumulator.m; sourceTree = SOURCE_ROOT; };
		7ADFFE9013AA0C2800527D5D /* SBJsonStreamParserAdapter.h */ = {isa = PBXFileReference; fileEncoding = 4; lastKnownFileType = sourcecode.c.h; name = SBJsonStreamParserAdapter.h; path = ../Classes/SBJsonStreamParserAdapter.h; sourceTree = SOURCE_ROOT; };
		7ADFFE9113AA0C2800527D5D /* SBJsonStreamParserAdapter.m */ = {isa = PBXFileReference; fileEncoding = 4; lastKnownFileType = sourcecode.c.objc; name = SBJsonStreamParserAdapter.m; path = ../Classes/SBJsonStreamParserAdapter.m; sourceTree = SOURCE_ROOT; };
		7ADFFE9213AA0C2800527D5D /* SBJsonStreamParserState.h */ = {isa = PBXFileReference; fileEncoding = 4; lastKnownFileType = sourcecode.c.h; name = SBJsonStreamParserState.h; path = ../Classes/SBJsonStreamParserState.h; sourceTree = SOURCE_ROOT; };
		7ADFFE9313AA0C2800527D5D /* SBJsonStreamParserState.m */ = {isa = PBXFileReference; fileEncoding = 4; lastKnownFileType = sourcecode.c.objc; name = SBJsonStreamParserState.m; path = ../Classes/SBJsonStreamParserState.m; sourceTree = SOURCE_ROOT; };
		7ADFFE9413AA0C2800527D5D /* SBJsonStreamWriter.h */ = {isa = PBXFileReference; fileEncoding = 4; lastKnownFileType = sourcecode.c.h; name = SBJsonStreamWriter.h; path = ../Classes/SBJsonStreamWriter.h; sourceTree = SOURCE_ROOT; };
		7ADFFE9513AA0C2800527D5D /* SBJsonStreamWriter.m */ = {isa = PBXFileReference; fileEncoding = 4; lastKnownFileType = sourcecode.c.objc; name = SBJsonStreamWriter.m; path = ../Classes/SBJsonStreamWriter.m; sourceTree = SOURCE_ROOT; };
		7ADFFE9613AA0C2800527D5D /* SBJsonStreamWriterAccumulator.h */ = {isa = PBXFileReference; fileEncoding = 4; lastKnownFileType = sourcecode.c.h; name = SBJsonStreamWriterAccumulator.h; path = ../Classes/SBJsonStreamWriterAccumulator.h; sourceTree = SOURCE_ROOT; };
		7ADFFE9713AA0C2800527D5D /* SBJsonStreamWriterAccumulator.m */ = {isa = PBXFileReference; fileEncoding = 4; lastKnownFileType = sourcecode.c.objc; name = SBJsonStreamWriterAccumulator.m; path = ../Classes/SBJsonStreamWriterAccumulator.m; sourceTree = SOURCE_ROOT; };
		7ADFFE9813AA0C2800527D5D /* SBJsonStreamWriterState.h */ = {isa = PBXFileReference; fileEncoding = 4; lastKnownFileType = sourcecode.c.h; name = SBJsonStreamWriterState.h; path = ../Classes/SBJsonStreamWriterState.h; sourceTree = SOURCE_ROOT; };
		7ADFFE9913AA0C2800527D5D /* SBJsonStreamWriterState.m */ = {isa = PBXFileReference; fileEncoding = 4; lastKnownFileType = sourcecode.c.objc; name = SBJsonStreamWriterState.m; path = ../Classes/SBJsonStreamWriterState.m; sourceTree = SOURCE_ROOT; };
		7ADFFE9A13AA0C2800527D5D /* SBJsonTokeniser.h */ = {isa = PBXFileReference; fileEncoding = 4; lastKnownFileType = sourcecode.c.h; name = SBJsonTokeniser.h; path = ../Classes/SBJsonTokeniser.h; sourceTree = SOURCE_ROOT; };
		7ADFFE9B13AA0C2800527D5D /* SBJsonTokeniser.m */ = {isa = PBXFileReference; fileEncoding = 4; lastKnownFileType = sourcecode.c.objc; name = SBJsonTokeniser.m; path = ../Classes/SBJsonTokeniser.m; sourceTree = SOURCE_ROOT; };
		7ADFFE9C13AA0C2800527D5D /* SBJsonWriter.h */ = {isa = PBXFileReference; fileEncoding = 4; lastKnownFileType = sourcecode.c.h; name = SBJsonWriter.h; path = ../Classes/SBJsonWriter.h; sourceTree = SOURCE_ROOT; };
		7ADFFE9D13AA0C2800527D5D /* SBJsonWriter.m */ = {isa = PBXFileReference; fileEncoding = 4; lastKnownFileType = sourcecode.c.objc; name = SBJsonWriter.m; path = ../Classes/SBJsonWriter.m; sourceTree = SOURCE_ROOT; };
		7ADFFE9E13AA0C2800527D5D /* SBStateStack.h */ = {isa = PBXFileReference; fileEncoding = 4; lastKnownFileType = sourcecode.c.h; name = SBStateStack.h; path = ../Classes/SBStateStack.h; sourceTree = SOURCE_ROOT; };
		7ADFFE9F13AA0C2800527D5D /* SBStateStack.m */ = {isa = PBXFileReference; fileEncoding = 4; lastKnownFileType = sourcecode.c.objc; name = SBStateStack.m; path = ../Classes/SBStateStack.m; sourceTree = SOURCE_ROOT; };
		7ADFFEA013AA0C2800527D5D /* SBUTF8Stream.h */ = {isa = PBXFileReference; fileEncoding = 4; lastKnownFileType = sourcecode.c.h; name = SBUTF8Stream.h; path = ../Classes/SBUTF8Stream.h; sourceTree = SOURCE_ROOT; };
		7ADFFEA113AA0C2800527D5D /* SBUTF8Stream.m */ = {isa = PBXFileReference; fileEncoding = 4; lastKnownFileType = sourcecode.c.objc; name = SBUTF8Stream.m; path = ../Classes/SBUTF8Stream.m; sourceTree = SOURCE_ROOT; };
		7AE698571383DE7500193AC2 /* DBcore.h */ = {isa = PBXFileReference; fileEncoding = 4; lastKnownFileType = sourcecode.c.h; path = DBcore.h; sourceTree = "<group>"; };
		7AE698581383DE7500193AC2 /* DBcore.m */ = {isa = PBXFileReference; fileEncoding = 4; lastKnownFileType = sourcecode.c.objc; path = DBcore.m; sourceTree = "<group>"; };
		7AF7ECBA13BAFC92005F215E /* ResultViewController.h */ = {isa = PBXFileReference; fileEncoding = 4; lastKnownFileType = sourcecode.c.h; path = ResultViewController.h; sourceTree = "<group>"; };
		7AF7ECBB13BAFC92005F215E /* ResultViewController.m */ = {isa = PBXFileReference; fileEncoding = 4; lastKnownFileType = sourcecode.c.objc; path = ResultViewController.m; sourceTree = "<group>"; };
		7AF7ECBC13BAFC92005F215E /* ResultViewController.xib */ = {isa = PBXFileReference; fileEncoding = 4; lastKnownFileType = file.xib; name = ResultViewController.xib; path = Classes/ResultViewController.xib; sourceTree = "<group>"; };
		7AF7ECC013BB245C005F215E /* win.png */ = {isa = PBXFileReference; lastKnownFileType = image.png; name = win.png; path = ../Resource/win.png; sourceTree = "<group>"; };
		7AF7ECC113BB245C005F215E /* Lose.png */ = {isa = PBXFileReference; lastKnownFileType = image.png; name = Lose.png; path = ../Resource/Lose.png; sourceTree = "<group>"; };
		8D1107310486CEB800E47090 /* Nolgilo-Info.plist */ = {isa = PBXFileReference; fileEncoding = 4; lastKnownFileType = text.plist.xml; path = "Nolgilo-Info.plist"; plistStructureDefinitionIdentifier = "com.apple.xcode.plist.structure-definition.iphone.info-plist"; sourceTree = "<group>"; };
/* End PBXFileReference section */

/* Begin PBXFrameworksBuildPhase section */
		1D60588F0D05DD3D006BFB54 /* Frameworks */ = {
			isa = PBXFrameworksBuildPhase;
			buildActionMask = 2147483647;
			files = (
				1D60589F0D05DD5A006BFB54 /* Foundation.framework in Frameworks */,
				1DF5F4E00D08C38300B7A737 /* UIKit.framework in Frameworks */,
				288765A50DF7441C002DB57D /* CoreGraphics.framework in Frameworks */,
				7AB4DBD91303BCBE00DE0AA8 /* AudioToolbox.framework in Frameworks */,
				7AB4DBDB1303BCBE00DE0AA8 /* CoreLocation.framework in Frameworks */,
				7AB4DBDD1303BCBE00DE0AA8 /* MapKit.framework in Frameworks */,
				7A5E6B35138F420B00F4CC11 /* libZXingWidget.a in Frameworks */,
				7A5E6B59138F443300F4CC11 /* libiconv.dylib in Frameworks */,
				71B836C31390A7B5002E5BAF /* AVFoundation.framework in Frameworks */,
				71B836CB1390A7E2002E5BAF /* CoreMedia.framework in Frameworks */,
				71B836CD1390A7E2002E5BAF /* CoreVideo.framework in Frameworks */,
			);
			runOnlyForDeploymentPostprocessing = 0;
		};
/* End PBXFrameworksBuildPhase section */

/* Begin PBXGroup section */
		080E96DDFE201D6D7F000001 /* Classes */ = {
			isa = PBXGroup;
			children = (
				71AEE8441395138D007BC5BF /* JSON */,
				7A17D01813838A0F006D7C33 /* QrCodeReader */,
				71E273AC1393D7E5005A86E5 /* Delegate */,
				71079448134F04A4006A4D36 /* Model */,
				711BDB831341CC3F007A6B3D /* GameList */,
				710A3B04133A0C1A0055B6A2 /* Game */,
				71E273AD1393D7F6005A86E5 /* LoadingView */,
			);
			path = Classes;
			sourceTree = "<group>";
		};
		19C28FACFE9D520D11CA2CBB /* Products */ = {
			isa = PBXGroup;
			children = (
				1D6058910D05DD3D006BFB54 /* Nolgilo.app */,
			);
			name = Products;
			sourceTree = "<group>";
		};
		29B97314FDCFA39411CA2CEA /* CustomTemplate */ = {
			isa = PBXGroup;
			children = (
				080E96DDFE201D6D7F000001 /* Classes */,
				29B97315FDCFA39411CA2CEA /* Other Sources */,
				29B97317FDCFA39411CA2CEA /* Resources */,
				29B97323FDCFA39411CA2CEA /* Frameworks */,
				19C28FACFE9D520D11CA2CBB /* Products */,
			);
			name = CustomTemplate;
			sourceTree = "<group>";
		};
		29B97315FDCFA39411CA2CEA /* Other Sources */ = {
			isa = PBXGroup;
			children = (
				32CA4F630368D1EE00C91783 /* Nolgilo_Prefix.pch */,
				29B97316FDCFA39411CA2CEA /* main.mm */,
			);
			name = "Other Sources";
			sourceTree = "<group>";
		};
		29B97317FDCFA39411CA2CEA /* Resources */ = {
			isa = PBXGroup;
			children = (
				71EA217313A38ECF00B3B492 /* New Group */,
				71E273F11393DD20005A86E5 /* TeamLabel */,
				714D747A132A097200FB57A0 /* xib */,
				714D746D132A095000FB57A0 /* logo */,
				714D747B132A098400FB57A0 /* image */,
				8D1107310486CEB800E47090 /* Nolgilo-Info.plist */,
				71A125191328E47A00C1BC87 /* InfoPlist.strings */,
			);
			name = Resources;
			sourceTree = "<group>";
		};
		29B97323FDCFA39411CA2CEA /* Frameworks */ = {
			isa = PBXGroup;
			children = (
				7A5E6B58138F443300F4CC11 /* libiconv.dylib */,
				1DF5F4DF0D08C38300B7A737 /* UIKit.framework */,
				1D30AB110D05D00D00671497 /* Foundation.framework */,
				288765A40DF7441C002DB57D /* CoreGraphics.framework */,
				7AB4DBD81303BCBE00DE0AA8 /* AudioToolbox.framework */,
				7AB4DBDA1303BCBE00DE0AA8 /* CoreLocation.framework */,
				7AB4DBDC1303BCBE00DE0AA8 /* MapKit.framework */,
				71B836C21390A7B5002E5BAF /* AVFoundation.framework */,
				71B836CA1390A7E2002E5BAF /* CoreMedia.framework */,
				71B836CC1390A7E2002E5BAF /* CoreVideo.framework */,
			);
			name = Frameworks;
			sourceTree = "<group>";
		};
		71079448134F04A4006A4D36 /* Model */ = {
			isa = PBXGroup;
			children = (
				719C1B5E1333557400E7C276 /* GameModel.h */,
				719C1B5F1333557400E7C276 /* GameModel.m */,
				710794A3134F0A20006A4D36 /* GameStage.h */,
				710794A4134F0A20006A4D36 /* GameStage.m */,
				715717FD135438B900FC5012 /* PingGameCore.h */,
				715717FE135438B900FC5012 /* PingGameCore.m */,
				7AE698571383DE7500193AC2 /* DBcore.h */,
				7AE698581383DE7500193AC2 /* DBcore.m */,
				7A481EAB1389E948004B1D29 /* SpotCore.h */,
				7A481EAC1389E948004B1D29 /* SpotCore.m */,
				71AEE5E01394E023007BC5BF /* pin.h */,
				71AEE5E11394E023007BC5BF /* pin.m */,
				7A5F339A13AF148A0042BEF2 /* GameListCore.h */,
				7A5F339B13AF148A0042BEF2 /* GameListCore.m */,
			);
			name = Model;
			sourceTree = "<group>";
		};
		710A3B04133A0C1A0055B6A2 /* Game */ = {
			isa = PBXGroup;
			children = (
				7107944C134F050B006A4D36 /* PingGameViewController.h */,
				7107944D134F050B006A4D36 /* PingGameViewController.mm */,
				7AF7ECBA13BAFC92005F215E /* ResultViewController.h */,
				7AF7ECBB13BAFC92005F215E /* ResultViewController.m */,
			);
			name = Game;
			sourceTree = "<group>";
		};
		711BDB831341CC3F007A6B3D /* GameList */ = {
			isa = PBXGroup;
			children = (
				711BDBA61341D4A0007A6B3D /* GameListViewController.h */,
				711BDBA71341D4A0007A6B3D /* GameListViewController.m */,
				711BDBC51341D521007A6B3D /* RootGameListViewController.h */,
				711BDBC61341D521007A6B3D /* RootGameListViewController.m */,
				71E272371393CD19005A86E5 /* GameTeamSelectController.h */,
				71E272381393CD19005A86E5 /* GameTeamSelectController.m */,
			);
			name = GameList;
			sourceTree = "<group>";
		};
		714D746D132A095000FB57A0 /* logo */ = {
			isa = PBXGroup;
			children = (
				7171AB781328B26F004127CE /* icon.jpg */,
			);
			name = logo;
			path = Classes;
			sourceTree = "<group>";
		};
		714D747A132A097200FB57A0 /* xib */ = {
			isa = PBXGroup;
			children = (
				7AF7ECBC13BAFC92005F215E /* ResultViewController.xib */,
				71E272391393CD19005A86E5 /* GameTeamSelectController.xib */,
				7A17D16713839898006D7C33 /* QRcodeViewController.xib */,
				711BDBC71341D521007A6B3D /* RootGameListViewController.xib */,
				711BDBA81341D4A0007A6B3D /* GameListViewController.xib */,
				7ABB8FD1131B706D00437FC4 /* LoadingViewController.xib */,
				28AD733E0D9D9553002E5188 /* MainWindow.xib */,
				7107944E134F050B006A4D36 /* PingGameViewController.xib */,
			);
			name = xib;
			sourceTree = "<group>";
		};
		714D747B132A098400FB57A0 /* image */ = {
			isa = PBXGroup;
			children = (
				7AF7ECBF13BB2290005F215E /* Result */,
				71EA217213A38EC400B3B492 /* Table */,
				71B8370E1390B329002E5BAF /* messageBox */,
				7A5E6C29138F68C300F4CC11 /* QrCode */,
				7A00600A1379B14900F3CDE4 /* button */,
				7AD45EE213778A6D00C1548B /* arrow */,
				7AC4155C1373F82300C37DF3 /* w_tile.png */,
				7182D406134327480047DA4D /* menutitle.png */,
				71EA214C13A3679600B3B492 /* title.jpg */,
				714D748B132A09FD00FB57A0 /* Default.png */,
				7AAAEB8D1384CA9700873682 /* menubg.png */,
				7134675E133B3DBF00DCA096 /* icon2.png */,
			);
			name = image;
			sourceTree = "<group>";
		};
		71AEE8441395138D007BC5BF /* JSON */ = {
			isa = PBXGroup;
			children = (
				7ADFFE8613AA0C2800527D5D /* JSON.h */,
				7ADFFE8713AA0C2800527D5D /* NSObject+JSON.h */,
				7ADFFE8813AA0C2800527D5D /* NSObject+JSON.m */,
				7ADFFE8913AA0C2800527D5D /* SBJsonIncludes.h */,
				7ADFFE8A13AA0C2800527D5D /* SBJsonParser.h */,
				7ADFFE8B13AA0C2800527D5D /* SBJsonParser.m */,
				7ADFFE8C13AA0C2800527D5D /* SBJsonStreamParser.h */,
				7ADFFE8D13AA0C2800527D5D /* SBJsonStreamParser.m */,
				7ADFFE8E13AA0C2800527D5D /* SBJsonStreamParserAccumulator.h */,
				7ADFFE8F13AA0C2800527D5D /* SBJsonStreamParserAccumulator.m */,
				7ADFFE9013AA0C2800527D5D /* SBJsonStreamParserAdapter.h */,
				7ADFFE9113AA0C2800527D5D /* SBJsonStreamParserAdapter.m */,
				7ADFFE9213AA0C2800527D5D /* SBJsonStreamParserState.h */,
				7ADFFE9313AA0C2800527D5D /* SBJsonStreamParserState.m */,
				7ADFFE9413AA0C2800527D5D /* SBJsonStreamWriter.h */,
				7ADFFE9513AA0C2800527D5D /* SBJsonStreamWriter.m */,
				7ADFFE9613AA0C2800527D5D /* SBJsonStreamWriterAccumulator.h */,
				7ADFFE9713AA0C2800527D5D /* SBJsonStreamWriterAccumulator.m */,
				7ADFFE9813AA0C2800527D5D /* SBJsonStreamWriterState.h */,
				7ADFFE9913AA0C2800527D5D /* SBJsonStreamWriterState.m */,
				7ADFFE9A13AA0C2800527D5D /* SBJsonTokeniser.h */,
				7ADFFE9B13AA0C2800527D5D /* SBJsonTokeniser.m */,
				7ADFFE9C13AA0C2800527D5D /* SBJsonWriter.h */,
				7ADFFE9D13AA0C2800527D5D /* SBJsonWriter.m */,
				7ADFFE9E13AA0C2800527D5D /* SBStateStack.h */,
				7ADFFE9F13AA0C2800527D5D /* SBStateStack.m */,
				7ADFFEA013AA0C2800527D5D /* SBUTF8Stream.h */,
				7ADFFEA113AA0C2800527D5D /* SBUTF8Stream.m */,
			);
			name = JSON;
			sourceTree = "<group>";
		};
		71B8370E1390B329002E5BAF /* messageBox */ = {
			isa = PBXGroup;
			children = (
				7AD39B0413B9BC7F00762CB4 /* teamAAlerts.png */,
				7AD39B0513B9BC7F00762CB4 /* teamBAlerts.png */,
				7AD39B0613B9BC7F00762CB4 /* teamCAlerts.png */,
				71B8376D1390C194002E5BAF /* catchingA.png */,
				71B8376E1390C194002E5BAF /* catchingB.png */,
				71B8376F1390C194002E5BAF /* catchingC.png */,
				71B8370C1390B325002E5BAF /* wrongQR.png */,
			);
			name = messageBox;
			sourceTree = "<group>";
		};
		71E273AC1393D7E5005A86E5 /* Delegate */ = {
			isa = PBXGroup;
			children = (
				1D3623240D0F684500981E51 /* NolgiloAppDelegate.h */,
				1D3623250D0F684500981E51 /* NolgiloAppDelegate.m */,
			);
			name = Delegate;
			sourceTree = "<group>";
		};
		71E273AD1393D7F6005A86E5 /* LoadingView */ = {
			isa = PBXGroup;
			children = (
				7ABB8FCF131B706D00437FC4 /* LoadingViewController.h */,
				7ABB8FD0131B706D00437FC4 /* LoadingViewController.m */,
				7ABB9035131B770B00437FC4 /* RootViewController.h */,
				7ABB9036131B770B00437FC4 /* RootViewController.m */,
			);
			name = LoadingView;
			sourceTree = "<group>";
		};
		71E273F11393DD20005A86E5 /* TeamLabel */ = {
			isa = PBXGroup;
			children = (
				71079461134F0666006A4D36 /* TeamA.png */,
				71E273ED1393DD1C005A86E5 /* TeamB.png */,
				71E273EE1393DD1C005A86E5 /* TeamC.png */,
			);
			name = TeamLabel;
			sourceTree = "<group>";
		};
		71EA217213A38EC400B3B492 /* Table */ = {
			isa = PBXGroup;
			children = (
				7A7F534213AF672A00A2372F /* close_room.png */,
				7A7F534613AF681A00A2372F /* open_room.png */,
				7A7F533E13AF5EC400A2372F /* table_cell_sel.png */,
				7A7F533F13AF5EC400A2372F /* table_cell.png */,
				71E0E4CB13446D5800AFE39F /* gradientBackground.png */,
				71EA215813A368D600B3B492 /* moreselect.png */,
				7ACEFD3913B0E49F0006F840 /* RoomlistBackground.png */,
			);
			name = Table;
			sourceTree = "<group>";
		};
		71EA217313A38ECF00B3B492 /* New Group */ = {
			isa = PBXGroup;
			children = (
			);
			name = "New Group";
			sourceTree = "<group>";
		};
		7A00600A1379B14900F3CDE4 /* button */ = {
			isa = PBXGroup;
			children = (
				7A00600C1379B15500F3CDE4 /* pingable.png */,
			);
			name = button;
			sourceTree = "<group>";
		};
		7A17D01813838A0F006D7C33 /* QrCodeReader */ = {
			isa = PBXGroup;
			children = (
				7A5E6A85138F3D6E00F4CC11 /* ZXingWidget.xcodeproj */,
			);
			name = QrCodeReader;
			sourceTree = "<group>";
		};
		7A5E6A86138F3D6E00F4CC11 /* Products */ = {
			isa = PBXGroup;
			children = (
				7A5E6A8D138F3D6E00F4CC11 /* libZXingWidget.a */,
			);
			name = Products;
			sourceTree = "<group>";
		};
		7A5E6C29138F68C300F4CC11 /* QrCode */ = {
			isa = PBXGroup;
			children = (
				7A5E6C2B138F68E700F4CC11 /* pingteamA.png */,
				7A5E6C2C138F68E700F4CC11 /* pingteamB.png */,
				7A5E6C2D138F68E700F4CC11 /* pingteamC.png */,
			);
			name = QrCode;
			sourceTree = "<group>";
		};
		7AD45EE213778A6D00C1548B /* arrow */ = {
			isa = PBXGroup;
			children = (
				7AD45EE413778A7F00C1548B /* vs_arrow.png */,
				7AD45EEA13778A9100C1548B /* l_arrow.png */,
				7AD45EEB13778A9100C1548B /* m_arrow.png */,
				7AD45EED13778A9100C1548B /* s_arrow.png */,
				7AD45EE513778A7F00C1548B /* xl_arrow.png */,
				7AD45EE613778A7F00C1548B /* xm_arrow.png */,
			);
			name = arrow;
			sourceTree = "<group>";
		};
		7AF7ECBF13BB2290005F215E /* Result */ = {
			isa = PBXGroup;
			children = (
				7AF7ECC013BB245C005F215E /* win.png */,
				7AF7ECC113BB245C005F215E /* Lose.png */,
			);
			name = Result;
			sourceTree = "<group>";
		};
/* End PBXGroup section */

/* Begin PBXNativeTarget section */
		1D6058900D05DD3D006BFB54 /* Nolgilo */ = {
			isa = PBXNativeTarget;
			buildConfigurationList = 1D6058960D05DD3E006BFB54 /* Build configuration list for PBXNativeTarget "Nolgilo" */;
			buildPhases = (
				1D60588D0D05DD3D006BFB54 /* Resources */,
				1D60588E0D05DD3D006BFB54 /* Sources */,
				1D60588F0D05DD3D006BFB54 /* Frameworks */,
			);
			buildRules = (
			);
			dependencies = (
				7A5E6B3C138F422500F4CC11 /* PBXTargetDependency */,
			);
			name = Nolgilo;
			productName = Nolgilo;
			productReference = 1D6058910D05DD3D006BFB54 /* Nolgilo.app */;
			productType = "com.apple.product-type.application";
		};
/* End PBXNativeTarget section */

/* Begin PBXProject section */
		29B97313FDCFA39411CA2CEA /* Project object */ = {
			isa = PBXProject;
			buildConfigurationList = C01FCF4E08A954540054247B /* Build configuration list for PBXProject "Nolgilo" */;
			compatibilityVersion = "Xcode 3.2";
			developmentRegion = English;
			hasScannedForEncodings = 1;
			knownRegions = (
				English,
				Japanese,
				French,
				German,
				Korean,
			);
			mainGroup = 29B97314FDCFA39411CA2CEA /* CustomTemplate */;
			projectDirPath = "";
			projectReferences = (
				{
					ProductGroup = 7A5E6A86138F3D6E00F4CC11 /* Products */;
					ProjectRef = 7A5E6A85138F3D6E00F4CC11 /* ZXingWidget.xcodeproj */;
				},
			);
			projectRoot = "";
			targets = (
				1D6058900D05DD3D006BFB54 /* Nolgilo */,
			);
		};
/* End PBXProject section */

/* Begin PBXReferenceProxy section */
		7A5E6A8D138F3D6E00F4CC11 /* libZXingWidget.a */ = {
			isa = PBXReferenceProxy;
			fileType = archive.ar;
			path = libZXingWidget.a;
			remoteRef = 7A5E6A8C138F3D6E00F4CC11 /* PBXContainerItemProxy */;
			sourceTree = BUILT_PRODUCTS_DIR;
		};
/* End PBXReferenceProxy section */

/* Begin PBXResourcesBuildPhase section */
		1D60588D0D05DD3D006BFB54 /* Resources */ = {
			isa = PBXResourcesBuildPhase;
			buildActionMask = 2147483647;
			files = (
				28AD733F0D9D9553002E5188 /* MainWindow.xib in Resources */,
				7ABB8FD3131B706D00437FC4 /* LoadingViewController.xib in Resources */,
				7171AB791328B26F004127CE /* icon.jpg in Resources */,
				71A1251A1328E47A00C1BC87 /* InfoPlist.strings in Resources */,
				714D748C132A09FD00FB57A0 /* Default.png in Resources */,
				7134675F133B3DBF00DCA096 /* icon2.png in Resources */,
				711BDBAA1341D4A0007A6B3D /* GameListViewController.xib in Resources */,
				711BDBC91341D521007A6B3D /* RootGameListViewController.xib in Resources */,
				7182D407134327480047DA4D /* menutitle.png in Resources */,
				71E0E4CC13446D5800AFE39F /* gradientBackground.png in Resources */,
				71079450134F050B006A4D36 /* PingGameViewController.xib in Resources */,
				71079462134F0666006A4D36 /* TeamA.png in Resources */,
				7AC4155D1373F82300C37DF3 /* w_tile.png in Resources */,
				7AD45EE713778A7F00C1548B /* vs_arrow.png in Resources */,
				7AD45EE813778A7F00C1548B /* xl_arrow.png in Resources */,
				7AD45EE913778A7F00C1548B /* xm_arrow.png in Resources */,
				7AD45EEE13778A9100C1548B /* l_arrow.png in Resources */,
				7AD45EEF13778A9100C1548B /* m_arrow.png in Resources */,
				7AD45EF113778A9100C1548B /* s_arrow.png in Resources */,
				7A00600E1379B15500F3CDE4 /* pingable.png in Resources */,
				7A17D16913839898006D7C33 /* QRcodeViewController.xib in Resources */,
				7AAAEB8E1384CA9700873682 /* menubg.png in Resources */,
				7A5E6C2E138F68E700F4CC11 /* pingteamA.png in Resources */,
				7A5E6C2F138F68E700F4CC11 /* pingteamB.png in Resources */,
				7A5E6C30138F68E700F4CC11 /* pingteamC.png in Resources */,
				71B8370D1390B325002E5BAF /* wrongQR.png in Resources */,
				71B837701390C194002E5BAF /* catchingA.png in Resources */,
				71B837711390C194002E5BAF /* catchingB.png in Resources */,
				71B837721390C194002E5BAF /* catchingC.png in Resources */,
				71E2723B1393CD19005A86E5 /* GameTeamSelectController.xib in Resources */,
				71E273EF1393DD1C005A86E5 /* TeamB.png in Resources */,
				71E273F01393DD1C005A86E5 /* TeamC.png in Resources */,
				71EA214D13A3679600B3B492 /* title.jpg in Resources */,
				71EA215913A368D600B3B492 /* moreselect.png in Resources */,
				7A7F534013AF5EC400A2372F /* table_cell_sel.png in Resources */,
				7A7F534113AF5EC400A2372F /* table_cell.png in Resources */,
				7A7F534413AF672A00A2372F /* close_room.png in Resources */,
				7A7F534713AF681A00A2372F /* open_room.png in Resources */,
				7ACEFD3A13B0E49F0006F840 /* RoomlistBackground.png in Resources */,
				7AD39B0713B9BC8000762CB4 /* teamAAlerts.png in Resources */,
				7AD39B0813B9BC8000762CB4 /* teamBAlerts.png in Resources */,
				7AD39B0913B9BC8000762CB4 /* teamCAlerts.png in Resources */,
				7AF7ECBE13BAFC92005F215E /* ResultViewController.xib in Resources */,
				7AF7ECC213BB245C005F215E /* win.png in Resources */,
				7AF7ECC313BB245C005F215E /* Lose.png in Resources */,
			);
			runOnlyForDeploymentPostprocessing = 0;
		};
/* End PBXResourcesBuildPhase section */

/* Begin PBXSourcesBuildPhase section */
		1D60588E0D05DD3D006BFB54 /* Sources */ = {
			isa = PBXSourcesBuildPhase;
			buildActionMask = 2147483647;
			files = (
				1D60589B0D05DD56006BFB54 /* main.mm in Sources */,
				1D3623260D0F684500981E51 /* NolgiloAppDelegate.m in Sources */,
				7ABB8FD2131B706D00437FC4 /* LoadingViewController.m in Sources */,
				7ABB9037131B770B00437FC4 /* RootViewController.m in Sources */,
				719C1B601333557400E7C276 /* GameModel.m in Sources */,
				711BDBA91341D4A0007A6B3D /* GameListViewController.m in Sources */,
				711BDBC81341D521007A6B3D /* RootGameListViewController.m in Sources */,
				7107944F134F050B006A4D36 /* PingGameViewController.mm in Sources */,
				710794A5134F0A20006A4D36 /* GameStage.m in Sources */,
				715717FF135438B900FC5012 /* PingGameCore.m in Sources */,
				7AE698591383DE7500193AC2 /* DBcore.m in Sources */,
				7A481EAD1389E948004B1D29 /* SpotCore.m in Sources */,
				71E2723A1393CD19005A86E5 /* GameTeamSelectController.m in Sources */,
				71AEE5E21394E023007BC5BF /* pin.m in Sources */,
				7ADFFEA213AA0C2800527D5D /* NSObject+JSON.m in Sources */,
				7ADFFEA313AA0C2800527D5D /* SBJsonParser.m in Sources */,
				7ADFFEA413AA0C2800527D5D /* SBJsonStreamParser.m in Sources */,
				7ADFFEA513AA0C2800527D5D /* SBJsonStreamParserAccumulator.m in Sources */,
				7ADFFEA613AA0C2800527D5D /* SBJsonStreamParserAdapter.m in Sources */,
				7ADFFEA713AA0C2800527D5D /* SBJsonStreamParserState.m in Sources */,
				7ADFFEA813AA0C2800527D5D /* SBJsonStreamWriter.m in Sources */,
				7ADFFEA913AA0C2800527D5D /* SBJsonStreamWriterAccumulator.m in Sources */,
				7ADFFEAA13AA0C2800527D5D /* SBJsonStreamWriterState.m in Sources */,
				7ADFFEAB13AA0C2800527D5D /* SBJsonTokeniser.m in Sources */,
				7ADFFEAC13AA0C2800527D5D /* SBJsonWriter.m in Sources */,
				7ADFFEAD13AA0C2800527D5D /* SBStateStack.m in Sources */,
				7ADFFEAE13AA0C2800527D5D /* SBUTF8Stream.m in Sources */,
				7A5F339C13AF148A0042BEF2 /* GameListCore.m in Sources */,
				7AF7ECBD13BAFC92005F215E /* ResultViewController.m in Sources */,
			);
			runOnlyForDeploymentPostprocessing = 0;
		};
/* End PBXSourcesBuildPhase section */

/* Begin PBXTargetDependency section */
		7A5E6B3C138F422500F4CC11 /* PBXTargetDependency */ = {
			isa = PBXTargetDependency;
			name = ZXingWidget;
			targetProxy = 7A5E6B3B138F422500F4CC11 /* PBXContainerItemProxy */;
		};
/* End PBXTargetDependency section */

/* Begin PBXVariantGroup section */
		71A125191328E47A00C1BC87 /* InfoPlist.strings */ = {
			isa = PBXVariantGroup;
			children = (
				71A125171328E46D00C1BC87 /* English */,
				71A1251B1328E4A200C1BC87 /* Korean */,
			);
			name = InfoPlist.strings;
			sourceTree = "<group>";
		};
/* End PBXVariantGroup section */

/* Begin XCBuildConfiguration section */
		1D6058940D05DD3E006BFB54 /* Debug */ = {
			isa = XCBuildConfiguration;
			buildSettings = {
				ALWAYS_SEARCH_USER_PATHS = NO;
				ARCHS = "$(ARCHS_UNIVERSAL_IPHONE_OS)";
				CODE_SIGN_IDENTITY = "iPhone Developer";
				"CODE_SIGN_IDENTITY[sdk=iphoneos*]" = "iPhone Developer";
				COPY_PHASE_STRIP = NO;
				GCC_DYNAMIC_NO_PIC = NO;
				GCC_OPTIMIZATION_LEVEL = 0;
				GCC_PRECOMPILE_PREFIX_HEADER = YES;
				GCC_PREFIX_HEADER = Nolgilo_Prefix.pch;
				INFOPLIST_FILE = "Nolgilo-Info.plist";
				IPHONEOS_DEPLOYMENT_TARGET = 4.2;
				PRODUCT_NAME = Nolgilo;
				PROVISIONING_PROFILE = "";
				"PROVISIONING_PROFILE[sdk=iphoneos*]" = "";
				SDKROOT = iphoneos;
				VALIDATE_PRODUCT = NO;
			};
			name = Debug;
		};
		1D6058950D05DD3E006BFB54 /* Release */ = {
			isa = XCBuildConfiguration;
			buildSettings = {
				ALWAYS_SEARCH_USER_PATHS = NO;
				ARCHS = "$(ARCHS_UNIVERSAL_IPHONE_OS)";
				CODE_SIGN_IDENTITY = "iPhone Developer";
				"CODE_SIGN_IDENTITY[sdk=iphoneos*]" = "iPhone Developer";
				COPY_PHASE_STRIP = YES;
				GCC_PRECOMPILE_PREFIX_HEADER = YES;
				GCC_PREFIX_HEADER = Nolgilo_Prefix.pch;
				INFOPLIST_FILE = "Nolgilo-Info.plist";
				IPHONEOS_DEPLOYMENT_TARGET = 4.2;
				PRODUCT_NAME = Nolgilo;
				PROVISIONING_PROFILE = "";
				"PROVISIONING_PROFILE[sdk=iphoneos*]" = "";
				SDKROOT = iphoneos;
				VALIDATE_PRODUCT = YES;
			};
			name = Release;
		};
		C01FCF4F08A954540054247B /* Debug */ = {
			isa = XCBuildConfiguration;
			buildSettings = {
				ARCHS = "$(ARCHS_UNIVERSAL_IPHONE_OS)";
				CODE_SIGN_IDENTITY = "iPhone Developer";
				"CODE_SIGN_IDENTITY[sdk=iphoneos*]" = "iPhone Developer";
				GCC_C_LANGUAGE_STANDARD = c99;
				GCC_VERSION = com.apple.compilers.llvm.clang.1_0;
				GCC_WARN_ABOUT_RETURN_TYPE = YES;
				GCC_WARN_UNUSED_VARIABLE = YES;
				HEADER_SEARCH_PATHS = "../zxing/iphone/ZXingWidget/Classes/**";
				IPHONEOS_DEPLOYMENT_TARGET = 4.2;
				PREBINDING = NO;
				PROVISIONING_PROFILE = "";
				"PROVISIONING_PROFILE[sdk=iphoneos*]" = "";
				SDKROOT = iphoneos;
				VALID_ARCHS = "armv6 armv7";
			};
			name = Debug;
		};
		C01FCF5008A954540054247B /* Release */ = {
			isa = XCBuildConfiguration;
			buildSettings = {
				ARCHS = "$(ARCHS_UNIVERSAL_IPHONE_OS)";
				CODE_SIGN_IDENTITY = "iPhone Developer";
				"CODE_SIGN_IDENTITY[sdk=iphoneos*]" = "iPhone Developer";
				GCC_C_LANGUAGE_STANDARD = c99;
				GCC_VERSION = com.apple.compilers.llvm.clang.1_0;
				GCC_WARN_ABOUT_RETURN_TYPE = YES;
				GCC_WARN_UNUSED_VARIABLE = YES;
				HEADER_SEARCH_PATHS = "../zxing/iphone/ZXingWidget/Classes/**";
				IPHONEOS_DEPLOYMENT_TARGET = 4.2;
				OTHER_CFLAGS = "-DNS_BLOCK_ASSERTIONS=1";
				PREBINDING = NO;
				PROVISIONING_PROFILE = "";
				"PROVISIONING_PROFILE[sdk=iphoneos*]" = "";
				SDKROOT = iphoneos;
				VALID_ARCHS = "armv6 armv7";
			};
			name = Release;
		};
/* End XCBuildConfiguration section */

/* Begin XCConfigurationList section */
		1D6058960D05DD3E006BFB54 /* Build configuration list for PBXNativeTarget "Nolgilo" */ = {
			isa = XCConfigurationList;
			buildConfigurations = (
				1D6058940D05DD3E006BFB54 /* Debug */,
				1D6058950D05DD3E006BFB54 /* Release */,
			);
			defaultConfigurationIsVisible = 0;
			defaultConfigurationName = Release;
		};
		C01FCF4E08A954540054247B /* Build configuration list for PBXProject "Nolgilo" */ = {
			isa = XCConfigurationList;
			buildConfigurations = (
				C01FCF4F08A954540054247B /* Debug */,
				C01FCF5008A954540054247B /* Release */,
			);
			defaultConfigurationIsVisible = 0;
			defaultConfigurationName = Release;
		};
/* End XCConfigurationList section */
	};
	rootObject = 29B97313FDCFA39411CA2CEA /* Project object */;
}
