// !$*UTF8*$!
{
	archiveVersion = 1;
	classes = {
	};
	objectVersion = 46;
	objects = {

/* Begin PBXBuildFile section */
		1D3623260D0F684500981E51 /* NolgiloAppDelegate.m in Sources */ = {isa = PBXBuildFile; fileRef = 1D3623250D0F684500981E51 /* NolgiloAppDelegate.m */; };
		1D60589B0D05DD56006BFB54 /* main.m in Sources */ = {isa = PBXBuildFile; fileRef = 29B97316FDCFA39411CA2CEA /* main.m */; };
		1D60589F0D05DD5A006BFB54 /* Foundation.framework in Frameworks */ = {isa = PBXBuildFile; fileRef = 1D30AB110D05D00D00671497 /* Foundation.framework */; };
		1DF5F4E00D08C38300B7A737 /* UIKit.framework in Frameworks */ = {isa = PBXBuildFile; fileRef = 1DF5F4DF0D08C38300B7A737 /* UIKit.framework */; };
		288765A50DF7441C002DB57D /* CoreGraphics.framework in Frameworks */ = {isa = PBXBuildFile; fileRef = 288765A40DF7441C002DB57D /* CoreGraphics.framework */; };
		2899E5220DE3E06400AC0155 /* NolgiloViewController.xib in Resources */ = {isa = PBXBuildFile; fileRef = 2899E5210DE3E06400AC0155 /* NolgiloViewController.xib */; };
		28AD733F0D9D9553002E5188 /* MainWindow.xib in Resources */ = {isa = PBXBuildFile; fileRef = 28AD733E0D9D9553002E5188 /* MainWindow.xib */; };
		28D7ACF80DDB3853001CB0EB /* NolgiloViewController.m in Sources */ = {isa = PBXBuildFile; fileRef = 28D7ACF70DDB3853001CB0EB /* NolgiloViewController.m */; };
		714D748C132A09FD00FB57A0 /* Default.png in Resources */ = {isa = PBXBuildFile; fileRef = 714D748B132A09FD00FB57A0 /* Default.png */; };
		7171AB791328B26F004127CE /* icon.jpg in Resources */ = {isa = PBXBuildFile; fileRef = 7171AB781328B26F004127CE /* icon.jpg */; };
		7171AB8F1328B587004127CE /* icon2.jpg in Resources */ = {isa = PBXBuildFile; fileRef = 7171AB8E1328B587004127CE /* icon2.jpg */; };
		7171ABB01328D65B004127CE /* title.jpg in Resources */ = {isa = PBXBuildFile; fileRef = 7171ABAF1328D65B004127CE /* title.jpg */; };
		71A1251A1328E47A00C1BC87 /* InfoPlist.strings in Resources */ = {isa = PBXBuildFile; fileRef = 71A125191328E47A00C1BC87 /* InfoPlist.strings */; };
		7AB4DBD91303BCBE00DE0AA8 /* AudioToolbox.framework in Frameworks */ = {isa = PBXBuildFile; fileRef = 7AB4DBD81303BCBE00DE0AA8 /* AudioToolbox.framework */; };
		7AB4DBDB1303BCBE00DE0AA8 /* CoreLocation.framework in Frameworks */ = {isa = PBXBuildFile; fileRef = 7AB4DBDA1303BCBE00DE0AA8 /* CoreLocation.framework */; };
		7AB4DBDD1303BCBE00DE0AA8 /* MapKit.framework in Frameworks */ = {isa = PBXBuildFile; fileRef = 7AB4DBDC1303BCBE00DE0AA8 /* MapKit.framework */; };
		7ABB8FD2131B706D00437FC4 /* LoadingViewController.m in Sources */ = {isa = PBXBuildFile; fileRef = 7ABB8FD0131B706D00437FC4 /* LoadingViewController.m */; };
		7ABB8FD3131B706D00437FC4 /* LoadingViewController.xib in Resources */ = {isa = PBXBuildFile; fileRef = 7ABB8FD1131B706D00437FC4 /* LoadingViewController.xib */; };
		7ABB8FE4131B730D00437FC4 /* MapViewController.m in Sources */ = {isa = PBXBuildFile; fileRef = 7ABB8FE2131B730D00437FC4 /* MapViewController.m */; };
		7ABB8FE5131B730D00437FC4 /* MapViewController.xib in Resources */ = {isa = PBXBuildFile; fileRef = 7ABB8FE3131B730D00437FC4 /* MapViewController.xib */; };
		7ABB9037131B770B00437FC4 /* RootViewController.m in Sources */ = {isa = PBXBuildFile; fileRef = 7ABB9036131B770B00437FC4 /* RootViewController.m */; };
/* End PBXBuildFile section */

/* Begin PBXFileReference section */
		1D30AB110D05D00D00671497 /* Foundation.framework */ = {isa = PBXFileReference; lastKnownFileType = wrapper.framework; name = Foundation.framework; path = System/Library/Frameworks/Foundation.framework; sourceTree = SDKROOT; };
		1D3623240D0F684500981E51 /* NolgiloAppDelegate.h */ = {isa = PBXFileReference; fileEncoding = 4; lastKnownFileType = sourcecode.c.h; path = NolgiloAppDelegate.h; sourceTree = "<group>"; };
		1D3623250D0F684500981E51 /* NolgiloAppDelegate.m */ = {isa = PBXFileReference; fileEncoding = 4; lastKnownFileType = sourcecode.c.objc; path = NolgiloAppDelegate.m; sourceTree = "<group>"; };
		1D6058910D05DD3D006BFB54 /* Nolgilo.app */ = {isa = PBXFileReference; explicitFileType = wrapper.application; includeInIndex = 0; path = Nolgilo.app; sourceTree = BUILT_PRODUCTS_DIR; };
		1DF5F4DF0D08C38300B7A737 /* UIKit.framework */ = {isa = PBXFileReference; lastKnownFileType = wrapper.framework; name = UIKit.framework; path = System/Library/Frameworks/UIKit.framework; sourceTree = SDKROOT; };
		288765A40DF7441C002DB57D /* CoreGraphics.framework */ = {isa = PBXFileReference; lastKnownFileType = wrapper.framework; name = CoreGraphics.framework; path = System/Library/Frameworks/CoreGraphics.framework; sourceTree = SDKROOT; };
		2899E5210DE3E06400AC0155 /* NolgiloViewController.xib */ = {isa = PBXFileReference; lastKnownFileType = file.xib; path = NolgiloViewController.xib; sourceTree = "<group>"; };
		28AD733E0D9D9553002E5188 /* MainWindow.xib */ = {isa = PBXFileReference; lastKnownFileType = file.xib; path = MainWindow.xib; sourceTree = "<group>"; };
		28D7ACF60DDB3853001CB0EB /* NolgiloViewController.h */ = {isa = PBXFileReference; fileEncoding = 4; lastKnownFileType = sourcecode.c.h; path = NolgiloViewController.h; sourceTree = "<group>"; };
		28D7ACF70DDB3853001CB0EB /* NolgiloViewController.m */ = {isa = PBXFileReference; fileEncoding = 4; lastKnownFileType = sourcecode.c.objc; path = NolgiloViewController.m; sourceTree = "<group>"; };
		29B97316FDCFA39411CA2CEA /* main.m */ = {isa = PBXFileReference; fileEncoding = 4; lastKnownFileType = sourcecode.c.objc; path = main.m; sourceTree = "<group>"; };
		32CA4F630368D1EE00C91783 /* Nolgilo_Prefix.pch */ = {isa = PBXFileReference; fileEncoding = 4; lastKnownFileType = sourcecode.c.h; path = Nolgilo_Prefix.pch; sourceTree = "<group>"; };
		714D748B132A09FD00FB57A0 /* Default.png */ = {isa = PBXFileReference; lastKnownFileType = image.png; name = Default.png; path = ../Resource/Default.png; sourceTree = SOURCE_ROOT; };
		7171AB781328B26F004127CE /* icon.jpg */ = {isa = PBXFileReference; lastKnownFileType = image.jpeg; name = icon.jpg; path = ../Resource/icon.jpg; sourceTree = SOURCE_ROOT; };
		7171AB8E1328B587004127CE /* icon2.jpg */ = {isa = PBXFileReference; lastKnownFileType = image.jpeg; name = icon2.jpg; path = ../Resource/icon2.jpg; sourceTree = SOURCE_ROOT; };
		7171ABAF1328D65B004127CE /* title.jpg */ = {isa = PBXFileReference; lastKnownFileType = image.jpeg; name = title.jpg; path = ../Resource/title.jpg; sourceTree = SOURCE_ROOT; };
		71A125171328E46D00C1BC87 /* English */ = {isa = PBXFileReference; fileEncoding = 4; lastKnownFileType = text.plist.strings; name = English; path = English.lproj/InfoPlist.strings; sourceTree = "<group>"; };
		71A1251B1328E4A200C1BC87 /* Korean */ = {isa = PBXFileReference; lastKnownFileType = text.plist.strings; name = Korean; path = Korean.lproj/InfoPlist.strings; sourceTree = "<group>"; };
		7AB4DBD81303BCBE00DE0AA8 /* AudioToolbox.framework */ = {isa = PBXFileReference; lastKnownFileType = wrapper.framework; name = AudioToolbox.framework; path = System/Library/Frameworks/AudioToolbox.framework; sourceTree = SDKROOT; };
		7AB4DBDA1303BCBE00DE0AA8 /* CoreLocation.framework */ = {isa = PBXFileReference; lastKnownFileType = wrapper.framework; name = CoreLocation.framework; path = System/Library/Frameworks/CoreLocation.framework; sourceTree = SDKROOT; };
		7AB4DBDC1303BCBE00DE0AA8 /* MapKit.framework */ = {isa = PBXFileReference; lastKnownFileType = wrapper.framework; name = MapKit.framework; path = System/Library/Frameworks/MapKit.framework; sourceTree = SDKROOT; };
		7ABB8FCF131B706D00437FC4 /* LoadingViewController.h */ = {isa = PBXFileReference; fileEncoding = 4; lastKnownFileType = sourcecode.c.h; path = LoadingViewController.h; sourceTree = "<group>"; };
		7ABB8FD0131B706D00437FC4 /* LoadingViewController.m */ = {isa = PBXFileReference; fileEncoding = 4; lastKnownFileType = sourcecode.c.objc; path = LoadingViewController.m; sourceTree = "<group>"; };
		7ABB8FD1131B706D00437FC4 /* LoadingViewController.xib */ = {isa = PBXFileReference; lastKnownFileType = file.xib; name = LoadingViewController.xib; path = Classes/LoadingViewController.xib; sourceTree = "<group>"; };
		7ABB8FE1131B730D00437FC4 /* MapViewController.h */ = {isa = PBXFileReference; fileEncoding = 4; lastKnownFileType = sourcecode.c.h; path = MapViewController.h; sourceTree = "<group>"; };
		7ABB8FE2131B730D00437FC4 /* MapViewController.m */ = {isa = PBXFileReference; fileEncoding = 4; lastKnownFileType = sourcecode.c.objc; path = MapViewController.m; sourceTree = "<group>"; };
		7ABB8FE3131B730D00437FC4 /* MapViewController.xib */ = {isa = PBXFileReference; lastKnownFileType = file.xib; name = MapViewController.xib; path = Classes/MapViewController.xib; sourceTree = "<group>"; };
		7ABB9035131B770B00437FC4 /* RootViewController.h */ = {isa = PBXFileReference; fileEncoding = 4; lastKnownFileType = sourcecode.c.h; path = RootViewController.h; sourceTree = "<group>"; };
		7ABB9036131B770B00437FC4 /* RootViewController.m */ = {isa = PBXFileReference; fileEncoding = 4; lastKnownFileType = sourcecode.c.objc; path = RootViewController.m; sourceTree = "<group>"; };
		8D1107310486CEB800E47090 /* Nolgilo-Info.plist */ = {isa = PBXFileReference; fileEncoding = 4; lastKnownFileType = text.plist.xml; path = "Nolgilo-Info.plist"; plistStructureDefinitionIdentifier = "com.apple.xcode.plist.structure-definition.iphone.info-plist"; sourceTree = "<group>"; };
/* End PBXFileReference section */

/* Begin PBXFrameworksBuildPhase section */
		1D60588F0D05DD3D006BFB54 /* Frameworks */ = {
			isa = PBXFrameworksBuildPhase;
			buildActionMask = 2147483647;
			files = (
				1D60589F0D05DD5A006BFB54 /* Foundation.framework in Frameworks */,
				1DF5F4E00D08C38300B7A737 /* UIKit.framework in Frameworks */,
				288765A50DF7441C002DB57D /* CoreGraphics.framework in Frameworks */,
				7AB4DBD91303BCBE00DE0AA8 /* AudioToolbox.framework in Frameworks */,
				7AB4DBDB1303BCBE00DE0AA8 /* CoreLocation.framework in Frameworks */,
				7AB4DBDD1303BCBE00DE0AA8 /* MapKit.framework in Frameworks */,
			);
			runOnlyForDeploymentPostprocessing = 0;
		};
/* End PBXFrameworksBuildPhase section */

/* Begin PBXGroup section */
		080E96DDFE201D6D7F000001 /* Classes */ = {
			isa = PBXGroup;
			children = (
				1D3623240D0F684500981E51 /* NolgiloAppDelegate.h */,
				1D3623250D0F684500981E51 /* NolgiloAppDelegate.m */,
				7ABB8FE1131B730D00437FC4 /* MapViewController.h */,
				7ABB8FE2131B730D00437FC4 /* MapViewController.m */,
				7ABB8FCF131B706D00437FC4 /* LoadingViewController.h */,
				7ABB8FD0131B706D00437FC4 /* LoadingViewController.m */,
				7ABB9035131B770B00437FC4 /* RootViewController.h */,
				7ABB9036131B770B00437FC4 /* RootViewController.m */,
				28D7ACF60DDB3853001CB0EB /* NolgiloViewController.h */,
				28D7ACF70DDB3853001CB0EB /* NolgiloViewController.m */,
			);
			path = Classes;
			sourceTree = "<group>";
		};
		19C28FACFE9D520D11CA2CBB /* Products */ = {
			isa = PBXGroup;
			children = (
				1D6058910D05DD3D006BFB54 /* Nolgilo.app */,
			);
			name = Products;
			sourceTree = "<group>";
		};
		29B97314FDCFA39411CA2CEA /* CustomTemplate */ = {
			isa = PBXGroup;
			children = (
				080E96DDFE201D6D7F000001 /* Classes */,
				29B97315FDCFA39411CA2CEA /* Other Sources */,
				29B97317FDCFA39411CA2CEA /* Resources */,
				29B97323FDCFA39411CA2CEA /* Frameworks */,
				19C28FACFE9D520D11CA2CBB /* Products */,
			);
			name = CustomTemplate;
			sourceTree = "<group>";
		};
		29B97315FDCFA39411CA2CEA /* Other Sources */ = {
			isa = PBXGroup;
			children = (
				32CA4F630368D1EE00C91783 /* Nolgilo_Prefix.pch */,
				29B97316FDCFA39411CA2CEA /* main.m */,
			);
			name = "Other Sources";
			sourceTree = "<group>";
		};
		29B97317FDCFA39411CA2CEA /* Resources */ = {
			isa = PBXGroup;
			children = (
				714D746D132A095000FB57A0 /* logo */,
				714D747A132A097200FB57A0 /* xib */,
				714D747B132A098400FB57A0 /* image */,
				8D1107310486CEB800E47090 /* Nolgilo-Info.plist */,
				71A125191328E47A00C1BC87 /* InfoPlist.strings */,
			);
			name = Resources;
			sourceTree = "<group>";
		};
		29B97323FDCFA39411CA2CEA /* Frameworks */ = {
			isa = PBXGroup;
			children = (
				1DF5F4DF0D08C38300B7A737 /* UIKit.framework */,
				1D30AB110D05D00D00671497 /* Foundation.framework */,
				288765A40DF7441C002DB57D /* CoreGraphics.framework */,
				7AB4DBD81303BCBE00DE0AA8 /* AudioToolbox.framework */,
				7AB4DBDA1303BCBE00DE0AA8 /* CoreLocation.framework */,
				7AB4DBDC1303BCBE00DE0AA8 /* MapKit.framework */,
			);
			name = Frameworks;
			sourceTree = "<group>";
		};
		714D746D132A095000FB57A0 /* logo */ = {
			isa = PBXGroup;
			children = (
				7171AB781328B26F004127CE /* icon.jpg */,
			);
			name = logo;
			path = Classes;
			sourceTree = "<group>";
		};
		714D747A132A097200FB57A0 /* xib */ = {
			isa = PBXGroup;
			children = (
				7ABB8FE3131B730D00437FC4 /* MapViewController.xib */,
				7ABB8FD1131B706D00437FC4 /* LoadingViewController.xib */,
				2899E5210DE3E06400AC0155 /* NolgiloViewController.xib */,
				28AD733E0D9D9553002E5188 /* MainWindow.xib */,
			);
			name = xib;
			sourceTree = "<group>";
		};
		714D747B132A098400FB57A0 /* image */ = {
			isa = PBXGroup;
			children = (
				714D748B132A09FD00FB57A0 /* Default.png */,
				7171ABAF1328D65B004127CE /* title.jpg */,
				7171AB8E1328B587004127CE /* icon2.jpg */,
			);
			name = image;
			sourceTree = "<group>";
		};
/* End PBXGroup section */

/* Begin PBXNativeTarget section */
		1D6058900D05DD3D006BFB54 /* Nolgilo */ = {
			isa = PBXNativeTarget;
			buildConfigurationList = 1D6058960D05DD3E006BFB54 /* Build configuration list for PBXNativeTarget "Nolgilo" */;
			buildPhases = (
				1D60588D0D05DD3D006BFB54 /* Resources */,
				1D60588E0D05DD3D006BFB54 /* Sources */,
				1D60588F0D05DD3D006BFB54 /* Frameworks */,
			);
			buildRules = (
			);
			dependencies = (
			);
			name = Nolgilo;
			productName = Nolgilo;
			productReference = 1D6058910D05DD3D006BFB54 /* Nolgilo.app */;
			productType = "com.apple.product-type.application";
		};
/* End PBXNativeTarget section */

/* Begin PBXProject section */
		29B97313FDCFA39411CA2CEA /* Project object */ = {
			isa = PBXProject;
			buildConfigurationList = C01FCF4E08A954540054247B /* Build configuration list for PBXProject "Nolgilo" */;
			compatibilityVersion = "Xcode 3.2";
			developmentRegion = English;
			hasScannedForEncodings = 1;
			knownRegions = (
				English,
				Japanese,
				French,
				German,
				Korean,
			);
			mainGroup = 29B97314FDCFA39411CA2CEA /* CustomTemplate */;
			projectDirPath = "";
			projectRoot = "";
			targets = (
				1D6058900D05DD3D006BFB54 /* Nolgilo */,
			);
		};
/* End PBXProject section */

/* Begin PBXResourcesBuildPhase section */
		1D60588D0D05DD3D006BFB54 /* Resources */ = {
			isa = PBXResourcesBuildPhase;
			buildActionMask = 2147483647;
			files = (
				28AD733F0D9D9553002E5188 /* MainWindow.xib in Resources */,
				2899E5220DE3E06400AC0155 /* NolgiloViewController.xib in Resources */,
				7ABB8FD3131B706D00437FC4 /* LoadingViewController.xib in Resources */,
				7ABB8FE5131B730D00437FC4 /* MapViewController.xib in Resources */,
				7171AB791328B26F004127CE /* icon.jpg in Resources */,
				7171AB8F1328B587004127CE /* icon2.jpg in Resources */,
				7171ABB01328D65B004127CE /* title.jpg in Resources */,
				71A1251A1328E47A00C1BC87 /* InfoPlist.strings in Resources */,
				714D748C132A09FD00FB57A0 /* Default.png in Resources */,
			);
			runOnlyForDeploymentPostprocessing = 0;
		};
/* End PBXResourcesBuildPhase section */

/* Begin PBXSourcesBuildPhase section */
		1D60588E0D05DD3D006BFB54 /* Sources */ = {
			isa = PBXSourcesBuildPhase;
			buildActionMask = 2147483647;
			files = (
				1D60589B0D05DD56006BFB54 /* main.m in Sources */,
				1D3623260D0F684500981E51 /* NolgiloAppDelegate.m in Sources */,
				28D7ACF80DDB3853001CB0EB /* NolgiloViewController.m in Sources */,
				7ABB8FD2131B706D00437FC4 /* LoadingViewController.m in Sources */,
				7ABB8FE4131B730D00437FC4 /* MapViewController.m in Sources */,
				7ABB9037131B770B00437FC4 /* RootViewController.m in Sources */,
			);
			runOnlyForDeploymentPostprocessing = 0;
		};
/* End PBXSourcesBuildPhase section */

/* Begin PBXVariantGroup section */
		71A125191328E47A00C1BC87 /* InfoPlist.strings */ = {
			isa = PBXVariantGroup;
			children = (
				71A125171328E46D00C1BC87 /* English */,
				71A1251B1328E4A200C1BC87 /* Korean */,
			);
			name = InfoPlist.strings;
			sourceTree = "<group>";
		};
/* End PBXVariantGroup section */

/* Begin XCBuildConfiguration section */
		1D6058940D05DD3E006BFB54 /* Debug */ = {
			isa = XCBuildConfiguration;
			buildSettings = {
				ALWAYS_SEARCH_USER_PATHS = NO;
				"CODE_SIGN_IDENTITY[sdk=iphoneos*]" = "Don't Code Sign";
				"CODE_SIGN_IDENTITY[sdk=iphoneos4.2]" = "iPhone Developer: Seung Taek Lee (DZX77Q7623)";
				"CODE_SIGN_IDENTITY[sdk=iphonesimulator4.2]" = "iPhone Developer: Seung Taek Lee (DZX77Q7623)";
				COPY_PHASE_STRIP = NO;
				GCC_DYNAMIC_NO_PIC = NO;
				GCC_OPTIMIZATION_LEVEL = 0;
				GCC_PRECOMPILE_PREFIX_HEADER = YES;
				GCC_PREFIX_HEADER = Nolgilo_Prefix.pch;
				INFOPLIST_FILE = "Nolgilo-Info.plist";
				PRODUCT_NAME = Nolgilo;
				"PROVISIONING_PROFILE[sdk=iphoneos*]" = "";
				"PROVISIONING_PROFILE[sdk=iphoneos4.2]" = "D73DD52D-31E6-4A61-A45B-27CB7230342B";
				"PROVISIONING_PROFILE[sdk=iphonesimulator4.2]" = "D73DD52D-31E6-4A61-A45B-27CB7230342B";
			};
			name = Debug;
		};
		1D6058950D05DD3E006BFB54 /* Release */ = {
			isa = XCBuildConfiguration;
			buildSettings = {
				ALWAYS_SEARCH_USER_PATHS = NO;
				"CODE_SIGN_IDENTITY[sdk=iphoneos*]" = "iPhone Developer: Seung Taek Lee (DZX77Q7623)";
				COPY_PHASE_STRIP = YES;
				GCC_PRECOMPILE_PREFIX_HEADER = YES;
				GCC_PREFIX_HEADER = Nolgilo_Prefix.pch;
				INFOPLIST_FILE = "Nolgilo-Info.plist";
				PRODUCT_NAME = Nolgilo;
				"PROVISIONING_PROFILE[sdk=iphoneos*]" = "D73DD52D-31E6-4A61-A45B-27CB7230342B";
				VALIDATE_PRODUCT = YES;
			};
			name = Release;
		};
		C01FCF4F08A954540054247B /* Debug */ = {
			isa = XCBuildConfiguration;
			buildSettings = {
				ARCHS = "$(ARCHS_STANDARD_32_BIT)";
				"CODE_SIGN_IDENTITY[sdk=iphoneos*]" = "iPhone Developer: Seung Taek Lee (DZX77Q7623)";
				GCC_C_LANGUAGE_STANDARD = c99;
				GCC_WARN_ABOUT_RETURN_TYPE = YES;
				GCC_WARN_UNUSED_VARIABLE = YES;
				PREBINDING = NO;
				"PROVISIONING_PROFILE[sdk=iphoneos*]" = "F4C33659-EF11-416B-B603-F32AC17F1E2F";
				SDKROOT = iphoneos4.2;
			};
			name = Debug;
		};
		C01FCF5008A954540054247B /* Release */ = {
			isa = XCBuildConfiguration;
			buildSettings = {
				ARCHS = "$(ARCHS_STANDARD_32_BIT)";
				"CODE_SIGN_IDENTITY[sdk=iphoneos*]" = "iPhone Developer: Seung Taek Lee (DZX77Q7623)";
				GCC_C_LANGUAGE_STANDARD = c99;
				GCC_WARN_ABOUT_RETURN_TYPE = YES;
				GCC_WARN_UNUSED_VARIABLE = YES;
				OTHER_CFLAGS = "-DNS_BLOCK_ASSERTIONS=1";
				PREBINDING = NO;
				"PROVISIONING_PROFILE[sdk=iphoneos*]" = "F4C33659-EF11-416B-B603-F32AC17F1E2F";
				SDKROOT = iphoneos4.2;
			};
			name = Release;
		};
/* End XCBuildConfiguration section */

/* Begin XCConfigurationList section */
		1D6058960D05DD3E006BFB54 /* Build configuration list for PBXNativeTarget "Nolgilo" */ = {
			isa = XCConfigurationList;
			buildConfigurations = (
				1D6058940D05DD3E006BFB54 /* Debug */,
				1D6058950D05DD3E006BFB54 /* Release */,
			);
			defaultConfigurationIsVisible = 0;
			defaultConfigurationName = Release;
		};
		C01FCF4E08A954540054247B /* Build configuration list for PBXProject "Nolgilo" */ = {
			isa = XCConfigurationList;
			buildConfigurations = (
				C01FCF4F08A954540054247B /* Debug */,
				C01FCF5008A954540054247B /* Release */,
			);
			defaultConfigurationIsVisible = 0;
			defaultConfigurationName = Release;
		};
/* End XCConfigurationList section */
	};
	rootObject = 29B97313FDCFA39411CA2CEA /* Project object */;
}
